{
  "pins" : [
    {
      "identity" : "clio-entities",
      "kind" : "remoteSourceControl",
      "location" : "https://github.com/clio-app/clio-entities.git",
      "state" : {
        "branch" : "main",
        "revision" : "b450400b210b5ee3ec93cd006176bb81dd146e02"
      }
    },
    {
      "identity" : "mixpanel-swift",
      "kind" : "remoteSourceControl",
      "location" : "https://github.com/mixpanel/mixpanel-swift",
      "state" : {
        "branch" : "master",
        "revision" : "1ce27d937009d5ecce74dad97d69898ffea49c75"
      }
    }
  ],
  "version" : 2
}
