{
  "pins" : [
    {
      "identity" : "clio-entities",
      "kind" : "remoteSourceControl",
      "location" : "https://github.com/clio-app/clio-entities.git",
      "state" : {
        "branch" : "main",
        "revision" : "aaf1d435f02d9756e76c1939cdeffc34230652ab"
      }
    }
  ],
  "version" : 2
}
