{
  "pins" : [
    {
      "identity" : "clio-entities",
      "kind" : "remoteSourceControl",
      "location" : "https://github.com/clio-app/clio-entities.git",
      "state" : {
        "branch" : "main",
        "revision" : "0d2da8a8acf70d319d076ce1cc5d90952faf35a4"
      }
    }
  ],
  "version" : 2
}
