// !$*UTF8*$!
{
	archiveVersion = 1;
	classes = {
	};
	objectVersion = 56;
	objects = {

/* Begin PBXBuildFile section */
		00BFF8FA2AB4914B0068A5F2 /* clio_appApp.swift in Sources */ = {isa = PBXBuildFile; fileRef = 00BFF8F92AB4914B0068A5F2 /* clio_appApp.swift */; };
		00BFF8FC2AB4914B0068A5F2 /* CreateRoomView.swift in Sources */ = {isa = PBXBuildFile; fileRef = 00BFF8FB2AB4914B0068A5F2 /* CreateRoomView.swift */; };
		00BFF8FE2AB4914D0068A5F2 /* Assets.xcassets in Resources */ = {isa = PBXBuildFile; fileRef = 00BFF8FD2AB4914D0068A5F2 /* Assets.xcassets */; };
		00BFF9012AB4914D0068A5F2 /* Preview Assets.xcassets in Resources */ = {isa = PBXBuildFile; fileRef = 00BFF9002AB4914D0068A5F2 /* Preview Assets.xcassets */; };
		00BFF90B2AB4914D0068A5F2 /* clio_appTests.swift in Sources */ = {isa = PBXBuildFile; fileRef = 00BFF90A2AB4914D0068A5F2 /* clio_appTests.swift */; };
		00BFF9152AB4914D0068A5F2 /* clio_appUITests.swift in Sources */ = {isa = PBXBuildFile; fileRef = 00BFF9142AB4914D0068A5F2 /* clio_appUITests.swift */; };
		00BFF9172AB4914D0068A5F2 /* clio_appUITestsLaunchTests.swift in Sources */ = {isa = PBXBuildFile; fileRef = 00BFF9162AB4914D0068A5F2 /* clio_appUITestsLaunchTests.swift */; };
		00BFF9292AB491DD0068A5F2 /* CreateRoomInteractor.swift in Sources */ = {isa = PBXBuildFile; fileRef = 00BFF9282AB491DD0068A5F2 /* CreateRoomInteractor.swift */; };
		00BFF92C2AB491E80068A5F2 /* CreateRoomPresenter.swift in Sources */ = {isa = PBXBuildFile; fileRef = 00BFF92B2AB491E80068A5F2 /* CreateRoomPresenter.swift */; };
		7E310AC42AB7828200AF20C7 /* ActionButton.swift in Sources */ = {isa = PBXBuildFile; fileRef = 7E310AC32AB7828200AF20C7 /* ActionButton.swift */; };
		7E310AC62AB786E400AF20C7 /* TextButtonContainer.swift in Sources */ = {isa = PBXBuildFile; fileRef = 7E310AC52AB786E400AF20C7 /* TextButtonContainer.swift */; };
		7E310AC82AB7959600AF20C7 /* BackgroundMove.swift in Sources */ = {isa = PBXBuildFile; fileRef = 7E310AC72AB7959600AF20C7 /* BackgroundMove.swift */; };
		7E310ACB2AB88E2300AF20C7 /* BorderedBackground.swift in Sources */ = {isa = PBXBuildFile; fileRef = 7E310ACA2AB88E2300AF20C7 /* BorderedBackground.swift */; };
		7E310ACD2AB88F2700AF20C7 /* UserInputPopup.swift in Sources */ = {isa = PBXBuildFile; fileRef = 7E310ACC2AB88F2700AF20C7 /* UserInputPopup.swift */; };
		7E5211582AB4A02D0080F92C /* UIColor+Extensions.swift in Sources */ = {isa = PBXBuildFile; fileRef = 7E5211572AB4A02D0080F92C /* UIColor+Extensions.swift */; };
		7E52115A2AB7305C0080F92C /* WelcomeUserHeader.swift in Sources */ = {isa = PBXBuildFile; fileRef = 7E5211592AB7305C0080F92C /* WelcomeUserHeader.swift */; };
		FF6FD1CE2AB4A2BD00A2D681 /* Nighty DEMO.otf in Resources */ = {isa = PBXBuildFile; fileRef = FF6FD1CD2AB4A2BD00A2D681 /* Nighty DEMO.otf */; };
		FF6FD1D12AB4A85000A2D681 /* Font+Extensions.swift in Sources */ = {isa = PBXBuildFile; fileRef = FF6FD1D02AB4A85000A2D681 /* Font+Extensions.swift */; };
		FF6FD1D22AB4B24500A2D681 /* Itim-Regular.ttf in Resources */ = {isa = PBXBuildFile; fileRef = FF6FD1CC2AB4A0D800A2D681 /* Itim-Regular.ttf */; };
/* End PBXBuildFile section */

/* Begin PBXContainerItemProxy section */
		00BFF9072AB4914D0068A5F2 /* PBXContainerItemProxy */ = {
			isa = PBXContainerItemProxy;
			containerPortal = 00BFF8EE2AB4914B0068A5F2 /* Project object */;
			proxyType = 1;
			remoteGlobalIDString = 00BFF8F52AB4914B0068A5F2;
			remoteInfo = "clio-app";
		};
		00BFF9112AB4914D0068A5F2 /* PBXContainerItemProxy */ = {
			isa = PBXContainerItemProxy;
			containerPortal = 00BFF8EE2AB4914B0068A5F2 /* Project object */;
			proxyType = 1;
			remoteGlobalIDString = 00BFF8F52AB4914B0068A5F2;
			remoteInfo = "clio-app";
		};
/* End PBXContainerItemProxy section */

/* Begin PBXFileReference section */
		00BFF8F62AB4914B0068A5F2 /* clio-app.app */ = {isa = PBXFileReference; explicitFileType = wrapper.application; includeInIndex = 0; path = "clio-app.app"; sourceTree = BUILT_PRODUCTS_DIR; };
		00BFF8F92AB4914B0068A5F2 /* clio_appApp.swift */ = {isa = PBXFileReference; lastKnownFileType = sourcecode.swift; path = clio_appApp.swift; sourceTree = "<group>"; };
		00BFF8FB2AB4914B0068A5F2 /* CreateRoomView.swift */ = {isa = PBXFileReference; lastKnownFileType = sourcecode.swift; path = CreateRoomView.swift; sourceTree = "<group>"; };
		00BFF8FD2AB4914D0068A5F2 /* Assets.xcassets */ = {isa = PBXFileReference; lastKnownFileType = folder.assetcatalog; path = Assets.xcassets; sourceTree = "<group>"; };
		00BFF9002AB4914D0068A5F2 /* Preview Assets.xcassets */ = {isa = PBXFileReference; lastKnownFileType = folder.assetcatalog; path = "Preview Assets.xcassets"; sourceTree = "<group>"; };
		00BFF9062AB4914D0068A5F2 /* clio-appTests.xctest */ = {isa = PBXFileReference; explicitFileType = wrapper.cfbundle; includeInIndex = 0; path = "clio-appTests.xctest"; sourceTree = BUILT_PRODUCTS_DIR; };
		00BFF90A2AB4914D0068A5F2 /* clio_appTests.swift */ = {isa = PBXFileReference; lastKnownFileType = sourcecode.swift; path = clio_appTests.swift; sourceTree = "<group>"; };
		00BFF9102AB4914D0068A5F2 /* clio-appUITests.xctest */ = {isa = PBXFileReference; explicitFileType = wrapper.cfbundle; includeInIndex = 0; path = "clio-appUITests.xctest"; sourceTree = BUILT_PRODUCTS_DIR; };
		00BFF9142AB4914D0068A5F2 /* clio_appUITests.swift */ = {isa = PBXFileReference; lastKnownFileType = sourcecode.swift; path = clio_appUITests.swift; sourceTree = "<group>"; };
		00BFF9162AB4914D0068A5F2 /* clio_appUITestsLaunchTests.swift */ = {isa = PBXFileReference; lastKnownFileType = sourcecode.swift; path = clio_appUITestsLaunchTests.swift; sourceTree = "<group>"; };
		00BFF9282AB491DD0068A5F2 /* CreateRoomInteractor.swift */ = {isa = PBXFileReference; lastKnownFileType = sourcecode.swift; path = CreateRoomInteractor.swift; sourceTree = "<group>"; };
		00BFF92B2AB491E80068A5F2 /* CreateRoomPresenter.swift */ = {isa = PBXFileReference; lastKnownFileType = sourcecode.swift; path = CreateRoomPresenter.swift; sourceTree = "<group>"; };
		7E310AC32AB7828200AF20C7 /* ActionButton.swift */ = {isa = PBXFileReference; lastKnownFileType = sourcecode.swift; path = ActionButton.swift; sourceTree = "<group>"; };
		7E310AC52AB786E400AF20C7 /* TextButtonContainer.swift */ = {isa = PBXFileReference; lastKnownFileType = sourcecode.swift; path = TextButtonContainer.swift; sourceTree = "<group>"; };
		7E310AC72AB7959600AF20C7 /* BackgroundMove.swift */ = {isa = PBXFileReference; lastKnownFileType = sourcecode.swift; path = BackgroundMove.swift; sourceTree = "<group>"; };
		7E310ACA2AB88E2300AF20C7 /* BorderedBackground.swift */ = {isa = PBXFileReference; lastKnownFileType = sourcecode.swift; path = BorderedBackground.swift; sourceTree = "<group>"; };
		7E310ACC2AB88F2700AF20C7 /* UserInputPopup.swift */ = {isa = PBXFileReference; lastKnownFileType = sourcecode.swift; path = UserInputPopup.swift; sourceTree = "<group>"; };
		7E5211572AB4A02D0080F92C /* UIColor+Extensions.swift */ = {isa = PBXFileReference; lastKnownFileType = sourcecode.swift; path = "UIColor+Extensions.swift"; sourceTree = "<group>"; };
		7E5211592AB7305C0080F92C /* WelcomeUserHeader.swift */ = {isa = PBXFileReference; lastKnownFileType = sourcecode.swift; path = WelcomeUserHeader.swift; sourceTree = "<group>"; };
		FF6FD1CC2AB4A0D800A2D681 /* Itim-Regular.ttf */ = {isa = PBXFileReference; lastKnownFileType = file; path = "Itim-Regular.ttf"; sourceTree = "<group>"; };
		FF6FD1CD2AB4A2BD00A2D681 /* Nighty DEMO.otf */ = {isa = PBXFileReference; lastKnownFileType = file; path = "Nighty DEMO.otf"; sourceTree = "<group>"; };
		FF6FD1CF2AB4A67600A2D681 /* Info.plist */ = {isa = PBXFileReference; lastKnownFileType = text.plist; path = Info.plist; sourceTree = "<group>"; };
		FF6FD1D02AB4A85000A2D681 /* Font+Extensions.swift */ = {isa = PBXFileReference; lastKnownFileType = sourcecode.swift; path = "Font+Extensions.swift"; sourceTree = "<group>"; };
/* End PBXFileReference section */

/* Begin PBXFrameworksBuildPhase section */
		00BFF8F32AB4914B0068A5F2 /* Frameworks */ = {
			isa = PBXFrameworksBuildPhase;
			buildActionMask = 2147483647;
			files = (
			);
			runOnlyForDeploymentPostprocessing = 0;
		};
		00BFF9032AB4914D0068A5F2 /* Frameworks */ = {
			isa = PBXFrameworksBuildPhase;
			buildActionMask = 2147483647;
			files = (
			);
			runOnlyForDeploymentPostprocessing = 0;
		};
		00BFF90D2AB4914D0068A5F2 /* Frameworks */ = {
			isa = PBXFrameworksBuildPhase;
			buildActionMask = 2147483647;
			files = (
			);
			runOnlyForDeploymentPostprocessing = 0;
		};
/* End PBXFrameworksBuildPhase section */

/* Begin PBXGroup section */
		00BFF8ED2AB4914B0068A5F2 = {
			isa = PBXGroup;
			children = (
				00BFF8F82AB4914B0068A5F2 /* clio-app */,
				00BFF9092AB4914D0068A5F2 /* clio-appTests */,
				00BFF9132AB4914D0068A5F2 /* clio-appUITests */,
				00BFF8F72AB4914B0068A5F2 /* Products */,
			);
			sourceTree = "<group>";
		};
		00BFF8F72AB4914B0068A5F2 /* Products */ = {
			isa = PBXGroup;
			children = (
				00BFF8F62AB4914B0068A5F2 /* clio-app.app */,
				00BFF9062AB4914D0068A5F2 /* clio-appTests.xctest */,
				00BFF9102AB4914D0068A5F2 /* clio-appUITests.xctest */,
			);
			name = Products;
			sourceTree = "<group>";
		};
		00BFF8F82AB4914B0068A5F2 /* clio-app */ = {
			isa = PBXGroup;
			children = (
				FF6FD1CF2AB4A67600A2D681 /* Info.plist */,
				00BFF9252AB491A80068A5F2 /* Source */,
				00BFF9242AB4919D0068A5F2 /* Application */,
				00BFF9232AB491910068A5F2 /* Resource */,
				00BFF8FF2AB4914D0068A5F2 /* Preview Content */,
			);
			path = "clio-app";
			sourceTree = "<group>";
		};
		00BFF8FF2AB4914D0068A5F2 /* Preview Content */ = {
			isa = PBXGroup;
			children = (
				00BFF9002AB4914D0068A5F2 /* Preview Assets.xcassets */,
			);
			path = "Preview Content";
			sourceTree = "<group>";
		};
		00BFF9092AB4914D0068A5F2 /* clio-appTests */ = {
			isa = PBXGroup;
			children = (
				00BFF90A2AB4914D0068A5F2 /* clio_appTests.swift */,
			);
			path = "clio-appTests";
			sourceTree = "<group>";
		};
		00BFF9132AB4914D0068A5F2 /* clio-appUITests */ = {
			isa = PBXGroup;
			children = (
				00BFF9142AB4914D0068A5F2 /* clio_appUITests.swift */,
				00BFF9162AB4914D0068A5F2 /* clio_appUITestsLaunchTests.swift */,
			);
			path = "clio-appUITests";
			sourceTree = "<group>";
		};
		00BFF9232AB491910068A5F2 /* Resource */ = {
			isa = PBXGroup;
			children = (
				FF6FD1CB2AB49D8700A2D681 /* Fonts */,
				00BFF8FD2AB4914D0068A5F2 /* Assets.xcassets */,
				FF6FD1D02AB4A85000A2D681 /* Font+Extensions.swift */,
				7E5211572AB4A02D0080F92C /* UIColor+Extensions.swift */,
			);
			path = Resource;
			sourceTree = "<group>";
		};
		00BFF9242AB4919D0068A5F2 /* Application */ = {
			isa = PBXGroup;
			children = (
				00BFF8F92AB4914B0068A5F2 /* clio_appApp.swift */,
			);
			path = Application;
			sourceTree = "<group>";
		};
		00BFF9252AB491A80068A5F2 /* Source */ = {
			isa = PBXGroup;
			children = (
				00BFF9262AB491AE0068A5F2 /* Presentation */,
			);
			path = Source;
			sourceTree = "<group>";
		};
		00BFF9262AB491AE0068A5F2 /* Presentation */ = {
			isa = PBXGroup;
			children = (
				7E310AC92AB8895200AF20C7 /* GeneralComponents */,
				00BFF9272AB491B50068A5F2 /* CreateRoomView */,
			);
			path = Presentation;
			sourceTree = "<group>";
		};
		00BFF9272AB491B50068A5F2 /* CreateRoomView */ = {
			isa = PBXGroup;
			children = (
				00BFF8FB2AB4914B0068A5F2 /* CreateRoomView.swift */,
				00BFF9282AB491DD0068A5F2 /* CreateRoomInteractor.swift */,
				00BFF92B2AB491E80068A5F2 /* CreateRoomPresenter.swift */,
				7E52115B2AB730600080F92C /* Components */,
			);
			path = CreateRoomView;
			sourceTree = "<group>";
		};
		7E310AC92AB8895200AF20C7 /* GeneralComponents */ = {
			isa = PBXGroup;
			children = (
				7E310AC32AB7828200AF20C7 /* ActionButton.swift */,
				7E310ACA2AB88E2300AF20C7 /* BorderedBackground.swift */,
			);
			path = GeneralComponents;
			sourceTree = "<group>";
		};
		7E52115B2AB730600080F92C /* Components */ = {
			isa = PBXGroup;
			children = (
				7E5211592AB7305C0080F92C /* WelcomeUserHeader.swift */,
				7E310AC72AB7959600AF20C7 /* BackgroundMove.swift */,
				7E310AC52AB786E400AF20C7 /* TextButtonContainer.swift */,
				7E310ACC2AB88F2700AF20C7 /* UserInputPopup.swift */,
			);
			path = Components;
			sourceTree = "<group>";
		};
		FF6FD1CB2AB49D8700A2D681 /* Fonts */ = {
			isa = PBXGroup;
			children = (
				FF6FD1CC2AB4A0D800A2D681 /* Itim-Regular.ttf */,
				FF6FD1CD2AB4A2BD00A2D681 /* Nighty DEMO.otf */,
			);
			path = Fonts;
			sourceTree = "<group>";
		};
/* End PBXGroup section */

/* Begin PBXNativeTarget section */
		00BFF8F52AB4914B0068A5F2 /* clio-app */ = {
			isa = PBXNativeTarget;
			buildConfigurationList = 00BFF91A2AB4914D0068A5F2 /* Build configuration list for PBXNativeTarget "clio-app" */;
			buildPhases = (
				00BFF8F22AB4914B0068A5F2 /* Sources */,
				00BFF8F32AB4914B0068A5F2 /* Frameworks */,
				00BFF8F42AB4914B0068A5F2 /* Resources */,
			);
			buildRules = (
			);
			dependencies = (
			);
			name = "clio-app";
			productName = "clio-app";
			productReference = 00BFF8F62AB4914B0068A5F2 /* clio-app.app */;
			productType = "com.apple.product-type.application";
		};
		00BFF9052AB4914D0068A5F2 /* clio-appTests */ = {
			isa = PBXNativeTarget;
			buildConfigurationList = 00BFF91D2AB4914D0068A5F2 /* Build configuration list for PBXNativeTarget "clio-appTests" */;
			buildPhases = (
				00BFF9022AB4914D0068A5F2 /* Sources */,
				00BFF9032AB4914D0068A5F2 /* Frameworks */,
				00BFF9042AB4914D0068A5F2 /* Resources */,
			);
			buildRules = (
			);
			dependencies = (
				00BFF9082AB4914D0068A5F2 /* PBXTargetDependency */,
			);
			name = "clio-appTests";
			productName = "clio-appTests";
			productReference = 00BFF9062AB4914D0068A5F2 /* clio-appTests.xctest */;
			productType = "com.apple.product-type.bundle.unit-test";
		};
		00BFF90F2AB4914D0068A5F2 /* clio-appUITests */ = {
			isa = PBXNativeTarget;
			buildConfigurationList = 00BFF9202AB4914D0068A5F2 /* Build configuration list for PBXNativeTarget "clio-appUITests" */;
			buildPhases = (
				00BFF90C2AB4914D0068A5F2 /* Sources */,
				00BFF90D2AB4914D0068A5F2 /* Frameworks */,
				00BFF90E2AB4914D0068A5F2 /* Resources */,
			);
			buildRules = (
			);
			dependencies = (
				00BFF9122AB4914D0068A5F2 /* PBXTargetDependency */,
			);
			name = "clio-appUITests";
			productName = "clio-appUITests";
			productReference = 00BFF9102AB4914D0068A5F2 /* clio-appUITests.xctest */;
			productType = "com.apple.product-type.bundle.ui-testing";
		};
/* End PBXNativeTarget section */

/* Begin PBXProject section */
		00BFF8EE2AB4914B0068A5F2 /* Project object */ = {
			isa = PBXProject;
			attributes = {
				BuildIndependentTargetsInParallel = 1;
				LastSwiftUpdateCheck = 1430;
				LastUpgradeCheck = 1430;
				TargetAttributes = {
					00BFF8F52AB4914B0068A5F2 = {
						CreatedOnToolsVersion = 14.3;
					};
					00BFF9052AB4914D0068A5F2 = {
						CreatedOnToolsVersion = 14.3;
						TestTargetID = 00BFF8F52AB4914B0068A5F2;
					};
					00BFF90F2AB4914D0068A5F2 = {
						CreatedOnToolsVersion = 14.3;
						TestTargetID = 00BFF8F52AB4914B0068A5F2;
					};
				};
			};
			buildConfigurationList = 00BFF8F12AB4914B0068A5F2 /* Build configuration list for PBXProject "clio-app" */;
			compatibilityVersion = "Xcode 14.0";
			developmentRegion = en;
			hasScannedForEncodings = 0;
			knownRegions = (
				en,
				Base,
			);
			mainGroup = 00BFF8ED2AB4914B0068A5F2;
			productRefGroup = 00BFF8F72AB4914B0068A5F2 /* Products */;
			projectDirPath = "";
			projectRoot = "";
			targets = (
				00BFF8F52AB4914B0068A5F2 /* clio-app */,
				00BFF9052AB4914D0068A5F2 /* clio-appTests */,
				00BFF90F2AB4914D0068A5F2 /* clio-appUITests */,
			);
		};
/* End PBXProject section */

/* Begin PBXResourcesBuildPhase section */
		00BFF8F42AB4914B0068A5F2 /* Resources */ = {
			isa = PBXResourcesBuildPhase;
			buildActionMask = 2147483647;
			files = (
				00BFF9012AB4914D0068A5F2 /* Preview Assets.xcassets in Resources */,
				FF6FD1CE2AB4A2BD00A2D681 /* Nighty DEMO.otf in Resources */,
				FF6FD1D22AB4B24500A2D681 /* Itim-Regular.ttf in Resources */,
				00BFF8FE2AB4914D0068A5F2 /* Assets.xcassets in Resources */,
			);
			runOnlyForDeploymentPostprocessing = 0;
		};
		00BFF9042AB4914D0068A5F2 /* Resources */ = {
			isa = PBXResourcesBuildPhase;
			buildActionMask = 2147483647;
			files = (
			);
			runOnlyForDeploymentPostprocessing = 0;
		};
		00BFF90E2AB4914D0068A5F2 /* Resources */ = {
			isa = PBXResourcesBuildPhase;
			buildActionMask = 2147483647;
			files = (
			);
			runOnlyForDeploymentPostprocessing = 0;
		};
/* End PBXResourcesBuildPhase section */

/* Begin PBXSourcesBuildPhase section */
		00BFF8F22AB4914B0068A5F2 /* Sources */ = {
			isa = PBXSourcesBuildPhase;
			buildActionMask = 2147483647;
			files = (
				7E310AC62AB786E400AF20C7 /* TextButtonContainer.swift in Sources */,
				7E310AC82AB7959600AF20C7 /* BackgroundMove.swift in Sources */,
				00BFF9292AB491DD0068A5F2 /* CreateRoomInteractor.swift in Sources */,
				7E5211582AB4A02D0080F92C /* UIColor+Extensions.swift in Sources */,
				7E52115A2AB7305C0080F92C /* WelcomeUserHeader.swift in Sources */,
				7E310AC42AB7828200AF20C7 /* ActionButton.swift in Sources */,
				7E310ACD2AB88F2700AF20C7 /* UserInputPopup.swift in Sources */,
				00BFF92C2AB491E80068A5F2 /* CreateRoomPresenter.swift in Sources */,
				FF6FD1D12AB4A85000A2D681 /* Font+Extensions.swift in Sources */,
				00BFF8FC2AB4914B0068A5F2 /* CreateRoomView.swift in Sources */,
				7E310ACB2AB88E2300AF20C7 /* BorderedBackground.swift in Sources */,
				00BFF8FA2AB4914B0068A5F2 /* clio_appApp.swift in Sources */,
			);
			runOnlyForDeploymentPostprocessing = 0;
		};
		00BFF9022AB4914D0068A5F2 /* Sources */ = {
			isa = PBXSourcesBuildPhase;
			buildActionMask = 2147483647;
			files = (
				00BFF90B2AB4914D0068A5F2 /* clio_appTests.swift in Sources */,
			);
			runOnlyForDeploymentPostprocessing = 0;
		};
		00BFF90C2AB4914D0068A5F2 /* Sources */ = {
			isa = PBXSourcesBuildPhase;
			buildActionMask = 2147483647;
			files = (
				00BFF9172AB4914D0068A5F2 /* clio_appUITestsLaunchTests.swift in Sources */,
				00BFF9152AB4914D0068A5F2 /* clio_appUITests.swift in Sources */,
			);
			runOnlyForDeploymentPostprocessing = 0;
		};
/* End PBXSourcesBuildPhase section */

/* Begin PBXTargetDependency section */
		00BFF9082AB4914D0068A5F2 /* PBXTargetDependency */ = {
			isa = PBXTargetDependency;
			target = 00BFF8F52AB4914B0068A5F2 /* clio-app */;
			targetProxy = 00BFF9072AB4914D0068A5F2 /* PBXContainerItemProxy */;
		};
		00BFF9122AB4914D0068A5F2 /* PBXTargetDependency */ = {
			isa = PBXTargetDependency;
			target = 00BFF8F52AB4914B0068A5F2 /* clio-app */;
			targetProxy = 00BFF9112AB4914D0068A5F2 /* PBXContainerItemProxy */;
		};
/* End PBXTargetDependency section */

/* Begin XCBuildConfiguration section */
		00BFF9182AB4914D0068A5F2 /* Debug */ = {
			isa = XCBuildConfiguration;
			buildSettings = {
				ALWAYS_SEARCH_USER_PATHS = NO;
				CLANG_ANALYZER_NONNULL = YES;
				CLANG_ANALYZER_NUMBER_OBJECT_CONVERSION = YES_AGGRESSIVE;
				CLANG_CXX_LANGUAGE_STANDARD = "gnu++20";
				CLANG_ENABLE_MODULES = YES;
				CLANG_ENABLE_OBJC_ARC = YES;
				CLANG_ENABLE_OBJC_WEAK = YES;
				CLANG_WARN_BLOCK_CAPTURE_AUTORELEASING = YES;
				CLANG_WARN_BOOL_CONVERSION = YES;
				CLANG_WARN_COMMA = YES;
				CLANG_WARN_CONSTANT_CONVERSION = YES;
				CLANG_WARN_DEPRECATED_OBJC_IMPLEMENTATIONS = YES;
				CLANG_WARN_DIRECT_OBJC_ISA_USAGE = YES_ERROR;
				CLANG_WARN_DOCUMENTATION_COMMENTS = YES;
				CLANG_WARN_EMPTY_BODY = YES;
				CLANG_WARN_ENUM_CONVERSION = YES;
				CLANG_WARN_INFINITE_RECURSION = YES;
				CLANG_WARN_INT_CONVERSION = YES;
				CLANG_WARN_NON_LITERAL_NULL_CONVERSION = YES;
				CLANG_WARN_OBJC_IMPLICIT_RETAIN_SELF = YES;
				CLANG_WARN_OBJC_LITERAL_CONVERSION = YES;
				CLANG_WARN_OBJC_ROOT_CLASS = YES_ERROR;
				CLANG_WARN_QUOTED_INCLUDE_IN_FRAMEWORK_HEADER = YES;
				CLANG_WARN_RANGE_LOOP_ANALYSIS = YES;
				CLANG_WARN_STRICT_PROTOTYPES = YES;
				CLANG_WARN_SUSPICIOUS_MOVE = YES;
				CLANG_WARN_UNGUARDED_AVAILABILITY = YES_AGGRESSIVE;
				CLANG_WARN_UNREACHABLE_CODE = YES;
				CLANG_WARN__DUPLICATE_METHOD_MATCH = YES;
				COPY_PHASE_STRIP = NO;
				DEBUG_INFORMATION_FORMAT = dwarf;
				ENABLE_STRICT_OBJC_MSGSEND = YES;
				ENABLE_TESTABILITY = YES;
				GCC_C_LANGUAGE_STANDARD = gnu11;
				GCC_DYNAMIC_NO_PIC = NO;
				GCC_NO_COMMON_BLOCKS = YES;
				GCC_OPTIMIZATION_LEVEL = 0;
				GCC_PREPROCESSOR_DEFINITIONS = (
					"DEBUG=1",
					"$(inherited)",
				);
				GCC_WARN_64_TO_32_BIT_CONVERSION = YES;
				GCC_WARN_ABOUT_RETURN_TYPE = YES_ERROR;
				GCC_WARN_UNDECLARED_SELECTOR = YES;
				GCC_WARN_UNINITIALIZED_AUTOS = YES_AGGRESSIVE;
				GCC_WARN_UNUSED_FUNCTION = YES;
				GCC_WARN_UNUSED_VARIABLE = YES;
				IPHONEOS_DEPLOYMENT_TARGET = 16.4;
				MTL_ENABLE_DEBUG_INFO = INCLUDE_SOURCE;
				MTL_FAST_MATH = YES;
				ONLY_ACTIVE_ARCH = YES;
				SDKROOT = iphoneos;
				SWIFT_ACTIVE_COMPILATION_CONDITIONS = DEBUG;
				SWIFT_OPTIMIZATION_LEVEL = "-Onone";
			};
			name = Debug;
		};
		00BFF9192AB4914D0068A5F2 /* Release */ = {
			isa = XCBuildConfiguration;
			buildSettings = {
				ALWAYS_SEARCH_USER_PATHS = NO;
				CLANG_ANALYZER_NONNULL = YES;
				CLANG_ANALYZER_NUMBER_OBJECT_CONVERSION = YES_AGGRESSIVE;
				CLANG_CXX_LANGUAGE_STANDARD = "gnu++20";
				CLANG_ENABLE_MODULES = YES;
				CLANG_ENABLE_OBJC_ARC = YES;
				CLANG_ENABLE_OBJC_WEAK = YES;
				CLANG_WARN_BLOCK_CAPTURE_AUTORELEASING = YES;
				CLANG_WARN_BOOL_CONVERSION = YES;
				CLANG_WARN_COMMA = YES;
				CLANG_WARN_CONSTANT_CONVERSION = YES;
				CLANG_WARN_DEPRECATED_OBJC_IMPLEMENTATIONS = YES;
				CLANG_WARN_DIRECT_OBJC_ISA_USAGE = YES_ERROR;
				CLANG_WARN_DOCUMENTATION_COMMENTS = YES;
				CLANG_WARN_EMPTY_BODY = YES;
				CLANG_WARN_ENUM_CONVERSION = YES;
				CLANG_WARN_INFINITE_RECURSION = YES;
				CLANG_WARN_INT_CONVERSION = YES;
				CLANG_WARN_NON_LITERAL_NULL_CONVERSION = YES;
				CLANG_WARN_OBJC_IMPLICIT_RETAIN_SELF = YES;
				CLANG_WARN_OBJC_LITERAL_CONVERSION = YES;
				CLANG_WARN_OBJC_ROOT_CLASS = YES_ERROR;
				CLANG_WARN_QUOTED_INCLUDE_IN_FRAMEWORK_HEADER = YES;
				CLANG_WARN_RANGE_LOOP_ANALYSIS = YES;
				CLANG_WARN_STRICT_PROTOTYPES = YES;
				CLANG_WARN_SUSPICIOUS_MOVE = YES;
				CLANG_WARN_UNGUARDED_AVAILABILITY = YES_AGGRESSIVE;
				CLANG_WARN_UNREACHABLE_CODE = YES;
				CLANG_WARN__DUPLICATE_METHOD_MATCH = YES;
				COPY_PHASE_STRIP = NO;
				DEBUG_INFORMATION_FORMAT = "dwarf-with-dsym";
				ENABLE_NS_ASSERTIONS = NO;
				ENABLE_STRICT_OBJC_MSGSEND = YES;
				GCC_C_LANGUAGE_STANDARD = gnu11;
				GCC_NO_COMMON_BLOCKS = YES;
				GCC_WARN_64_TO_32_BIT_CONVERSION = YES;
				GCC_WARN_ABOUT_RETURN_TYPE = YES_ERROR;
				GCC_WARN_UNDECLARED_SELECTOR = YES;
				GCC_WARN_UNINITIALIZED_AUTOS = YES_AGGRESSIVE;
				GCC_WARN_UNUSED_FUNCTION = YES;
				GCC_WARN_UNUSED_VARIABLE = YES;
				IPHONEOS_DEPLOYMENT_TARGET = 16.4;
				MTL_ENABLE_DEBUG_INFO = NO;
				MTL_FAST_MATH = YES;
				SDKROOT = iphoneos;
				SWIFT_COMPILATION_MODE = wholemodule;
				SWIFT_OPTIMIZATION_LEVEL = "-O";
				VALIDATE_PRODUCT = YES;
			};
			name = Release;
		};
		00BFF91B2AB4914D0068A5F2 /* Debug */ = {
			isa = XCBuildConfiguration;
			buildSettings = {
				ASSETCATALOG_COMPILER_APPICON_NAME = AppIcon;
				ASSETCATALOG_COMPILER_GLOBAL_ACCENT_COLOR_NAME = AccentColor;
				CODE_SIGN_STYLE = Automatic;
				CURRENT_PROJECT_VERSION = 1;
				DEVELOPMENT_ASSET_PATHS = "\"clio-app/Preview Content\"";
				DEVELOPMENT_TEAM = 44U668YQTW;
				ENABLE_PREVIEWS = YES;
				GENERATE_INFOPLIST_FILE = YES;
				INFOPLIST_FILE = "clio-app/Info.plist";
				INFOPLIST_KEY_UIApplicationSceneManifest_Generation = YES;
				INFOPLIST_KEY_UIApplicationSupportsIndirectInputEvents = YES;
				INFOPLIST_KEY_UILaunchScreen_Generation = YES;
				INFOPLIST_KEY_UISupportedInterfaceOrientations_iPad = "UIInterfaceOrientationPortrait UIInterfaceOrientationPortraitUpsideDown UIInterfaceOrientationLandscapeLeft UIInterfaceOrientationLandscapeRight";
				INFOPLIST_KEY_UISupportedInterfaceOrientations_iPhone = "UIInterfaceOrientationPortrait UIInterfaceOrientationLandscapeLeft UIInterfaceOrientationLandscapeRight";
				LD_RUNPATH_SEARCH_PATHS = (
					"$(inherited)",
					"@executable_path/Frameworks",
				);
				MARKETING_VERSION = 1.0;
				PRODUCT_BUNDLE_IDENTIFIER = "thiagohba.com.clio-app";
				PRODUCT_NAME = "$(TARGET_NAME)";
				SWIFT_EMIT_LOC_STRINGS = YES;
				SWIFT_VERSION = 5.0;
				TARGETED_DEVICE_FAMILY = "1,2";
			};
			name = Debug;
		};
		00BFF91C2AB4914D0068A5F2 /* Release */ = {
			isa = XCBuildConfiguration;
			buildSettings = {
				ASSETCATALOG_COMPILER_APPICON_NAME = AppIcon;
				ASSETCATALOG_COMPILER_GLOBAL_ACCENT_COLOR_NAME = AccentColor;
				CODE_SIGN_STYLE = Automatic;
				CURRENT_PROJECT_VERSION = 1;
				DEVELOPMENT_ASSET_PATHS = "\"clio-app/Preview Content\"";
				DEVELOPMENT_TEAM = 44U668YQTW;
				ENABLE_PREVIEWS = YES;
				GENERATE_INFOPLIST_FILE = YES;
				INFOPLIST_FILE = "clio-app/Info.plist";
				INFOPLIST_KEY_UIApplicationSceneManifest_Generation = YES;
				INFOPLIST_KEY_UIApplicationSupportsIndirectInputEvents = YES;
				INFOPLIST_KEY_UILaunchScreen_Generation = YES;
				INFOPLIST_KEY_UISupportedInterfaceOrientations_iPad = "UIInterfaceOrientationPortrait UIInterfaceOrientationPortraitUpsideDown UIInterfaceOrientationLandscapeLeft UIInterfaceOrientationLandscapeRight";
				INFOPLIST_KEY_UISupportedInterfaceOrientations_iPhone = "UIInterfaceOrientationPortrait UIInterfaceOrientationLandscapeLeft UIInterfaceOrientationLandscapeRight";
				LD_RUNPATH_SEARCH_PATHS = (
					"$(inherited)",
					"@executable_path/Frameworks",
				);
				MARKETING_VERSION = 1.0;
				PRODUCT_BUNDLE_IDENTIFIER = "thiagohba.com.clio-app";
				PRODUCT_NAME = "$(TARGET_NAME)";
				SWIFT_EMIT_LOC_STRINGS = YES;
				SWIFT_VERSION = 5.0;
				TARGETED_DEVICE_FAMILY = "1,2";
			};
			name = Release;
		};
		00BFF91E2AB4914D0068A5F2 /* Debug */ = {
			isa = XCBuildConfiguration;
			buildSettings = {
				ALWAYS_EMBED_SWIFT_STANDARD_LIBRARIES = YES;
				BUNDLE_LOADER = "$(TEST_HOST)";
				CODE_SIGN_STYLE = Automatic;
				CURRENT_PROJECT_VERSION = 1;
				DEVELOPMENT_TEAM = 685GVH2XJC;
				GENERATE_INFOPLIST_FILE = YES;
				IPHONEOS_DEPLOYMENT_TARGET = 16.4;
				MARKETING_VERSION = 1.0;
				PRODUCT_BUNDLE_IDENTIFIER = "thiagohba.com.clio-appTests";
				PRODUCT_NAME = "$(TARGET_NAME)";
				SWIFT_EMIT_LOC_STRINGS = NO;
				SWIFT_VERSION = 5.0;
				TARGETED_DEVICE_FAMILY = "1,2";
				TEST_HOST = "$(BUILT_PRODUCTS_DIR)/clio-app.app/$(BUNDLE_EXECUTABLE_FOLDER_PATH)/clio-app";
			};
			name = Debug;
		};
		00BFF91F2AB4914D0068A5F2 /* Release */ = {
			isa = XCBuildConfiguration;
			buildSettings = {
				ALWAYS_EMBED_SWIFT_STANDARD_LIBRARIES = YES;
				BUNDLE_LOADER = "$(TEST_HOST)";
				CODE_SIGN_STYLE = Automatic;
				CURRENT_PROJECT_VERSION = 1;
				DEVELOPMENT_TEAM = 685GVH2XJC;
				GENERATE_INFOPLIST_FILE = YES;
				IPHONEOS_DEPLOYMENT_TARGET = 16.4;
				MARKETING_VERSION = 1.0;
				PRODUCT_BUNDLE_IDENTIFIER = "thiagohba.com.clio-appTests";
				PRODUCT_NAME = "$(TARGET_NAME)";
				SWIFT_EMIT_LOC_STRINGS = NO;
				SWIFT_VERSION = 5.0;
				TARGETED_DEVICE_FAMILY = "1,2";
				TEST_HOST = "$(BUILT_PRODUCTS_DIR)/clio-app.app/$(BUNDLE_EXECUTABLE_FOLDER_PATH)/clio-app";
			};
			name = Release;
		};
		00BFF9212AB4914D0068A5F2 /* Debug */ = {
			isa = XCBuildConfiguration;
			buildSettings = {
				ALWAYS_EMBED_SWIFT_STANDARD_LIBRARIES = YES;
				CODE_SIGN_STYLE = Automatic;
				CURRENT_PROJECT_VERSION = 1;
				DEVELOPMENT_TEAM = 685GVH2XJC;
				GENERATE_INFOPLIST_FILE = YES;
				MARKETING_VERSION = 1.0;
				PRODUCT_BUNDLE_IDENTIFIER = "thiagohba.com.clio-appUITests";
				PRODUCT_NAME = "$(TARGET_NAME)";
				SWIFT_EMIT_LOC_STRINGS = NO;
				SWIFT_VERSION = 5.0;
				TARGETED_DEVICE_FAMILY = "1,2";
				TEST_TARGET_NAME = "clio-app";
			};
			name = Debug;
		};
		00BFF9222AB4914D0068A5F2 /* Release */ = {
			isa = XCBuildConfiguration;
			buildSettings = {
				ALWAYS_EMBED_SWIFT_STANDARD_LIBRARIES = YES;
				CODE_SIGN_STYLE = Automatic;
				CURRENT_PROJECT_VERSION = 1;
				DEVELOPMENT_TEAM = 685GVH2XJC;
				GENERATE_INFOPLIST_FILE = YES;
				MARKETING_VERSION = 1.0;
				PRODUCT_BUNDLE_IDENTIFIER = "thiagohba.com.clio-appUITests";
				PRODUCT_NAME = "$(TARGET_NAME)";
				SWIFT_EMIT_LOC_STRINGS = NO;
				SWIFT_VERSION = 5.0;
				TARGETED_DEVICE_FAMILY = "1,2";
				TEST_TARGET_NAME = "clio-app";
			};
			name = Release;
		};
/* End XCBuildConfiguration section */

/* Begin XCConfigurationList section */
		00BFF8F12AB4914B0068A5F2 /* Build configuration list for PBXProject "clio-app" */ = {
			isa = XCConfigurationList;
			buildConfigurations = (
				00BFF9182AB4914D0068A5F2 /* Debug */,
				00BFF9192AB4914D0068A5F2 /* Release */,
			);
			defaultConfigurationIsVisible = 0;
			defaultConfigurationName = Release;
		};
		00BFF91A2AB4914D0068A5F2 /* Build configuration list for PBXNativeTarget "clio-app" */ = {
			isa = XCConfigurationList;
			buildConfigurations = (
				00BFF91B2AB4914D0068A5F2 /* Debug */,
				00BFF91C2AB4914D0068A5F2 /* Release */,
			);
			defaultConfigurationIsVisible = 0;
			defaultConfigurationName = Release;
		};
		00BFF91D2AB4914D0068A5F2 /* Build configuration list for PBXNativeTarget "clio-appTests" */ = {
			isa = XCConfigurationList;
			buildConfigurations = (
				00BFF91E2AB4914D0068A5F2 /* Debug */,
				00BFF91F2AB4914D0068A5F2 /* Release */,
			);
			defaultConfigurationIsVisible = 0;
			defaultConfigurationName = Release;
		};
		00BFF9202AB4914D0068A5F2 /* Build configuration list for PBXNativeTarget "clio-appUITests" */ = {
			isa = XCConfigurationList;
			buildConfigurations = (
				00BFF9212AB4914D0068A5F2 /* Debug */,
				00BFF9222AB4914D0068A5F2 /* Release */,
			);
			defaultConfigurationIsVisible = 0;
			defaultConfigurationName = Release;
		};
/* End XCConfigurationList section */
	};
	rootObject = 00BFF8EE2AB4914B0068A5F2 /* Project object */;
}
