// !$*UTF8*$!
{
	archiveVersion = 1;
	classes = {
	};
	objectVersion = 56;
	objects = {

/* Begin PBXBuildFile section */
		00BFF8FA2AB4914B0068A5F2 /* clio_appApp.swift in Sources */ = {isa = PBXBuildFile; fileRef = 00BFF8F92AB4914B0068A5F2 /* clio_appApp.swift */; };
		00BFF8FC2AB4914B0068A5F2 /* CreateRoomView.swift in Sources */ = {isa = PBXBuildFile; fileRef = 00BFF8FB2AB4914B0068A5F2 /* CreateRoomView.swift */; };
		00BFF8FE2AB4914D0068A5F2 /* Assets.xcassets in Resources */ = {isa = PBXBuildFile; fileRef = 00BFF8FD2AB4914D0068A5F2 /* Assets.xcassets */; };
		00BFF9012AB4914D0068A5F2 /* Preview Assets.xcassets in Resources */ = {isa = PBXBuildFile; fileRef = 00BFF9002AB4914D0068A5F2 /* Preview Assets.xcassets */; };
		00D9C9C12ABC7D6900F66421 /* Endpoint.swift in Sources */ = {isa = PBXBuildFile; fileRef = 00D9C9C02ABC7D6900F66421 /* Endpoint.swift */; };
		00D9C9C32ABC7EAF00F66421 /* Loader.swift in Sources */ = {isa = PBXBuildFile; fileRef = 00D9C9C22ABC7EAF00F66421 /* Loader.swift */; };
		00D9C9C52ABC7ECC00F66421 /* HttpError.swift in Sources */ = {isa = PBXBuildFile; fileRef = 00D9C9C42ABC7ECC00F66421 /* HttpError.swift */; };
		00D9C9C72ABC7EF100F66421 /* MapperError.swift in Sources */ = {isa = PBXBuildFile; fileRef = 00D9C9C62ABC7EF100F66421 /* MapperError.swift */; };
		00D9C9CF2ABC806E00F66421 /* NetworkService.swift in Sources */ = {isa = PBXBuildFile; fileRef = 00D9C9CE2ABC806E00F66421 /* NetworkService.swift */; };
		00D9C9D32ABC814700F66421 /* Network.swift in Sources */ = {isa = PBXBuildFile; fileRef = 00D9C9D22ABC814700F66421 /* Network.swift */; };
		00D9C9D52ABC8D8A00F66421 /* CreateRoomViewModel.swift in Sources */ = {isa = PBXBuildFile; fileRef = 00D9C9D42ABC8D8A00F66421 /* CreateRoomViewModel.swift */; };
		00D9C9D72ABC8DAE00F66421 /* CreateRoomModel.swift in Sources */ = {isa = PBXBuildFile; fileRef = 00D9C9D62ABC8DAE00F66421 /* CreateRoomModel.swift */; };
		7E124DBE2AB9D49400ABC962 /* View+Extensions.swift in Sources */ = {isa = PBXBuildFile; fileRef = 7E124DBD2AB9D49400ABC962 /* View+Extensions.swift */; };
		7E124DC02ABB1AC900ABC962 /* MasterInputView.swift in Sources */ = {isa = PBXBuildFile; fileRef = 7E124DBF2ABB1AC900ABC962 /* MasterInputView.swift */; };
		7E124DC32ABB1B1900ABC962 /* MasterInputInteractor.swift in Sources */ = {isa = PBXBuildFile; fileRef = 7E124DC22ABB1B1900ABC962 /* MasterInputInteractor.swift */; };
		7E124DC52ABB1B2400ABC962 /* MasterInputPresenter.swift in Sources */ = {isa = PBXBuildFile; fileRef = 7E124DC42ABB1B2400ABC962 /* MasterInputPresenter.swift */; };
		7E124DC72ABB1B6E00ABC962 /* Header.swift in Sources */ = {isa = PBXBuildFile; fileRef = 7E124DC62ABB1B6E00ABC962 /* Header.swift */; };
		7E124DC92ABB1D6E00ABC962 /* LimitedInputTextField.swift in Sources */ = {isa = PBXBuildFile; fileRef = 7E124DC82ABB1D6E00ABC962 /* LimitedInputTextField.swift */; };
		7E124DCC2ABB36F300ABC962 /* MasterInputCard.swift in Sources */ = {isa = PBXBuildFile; fileRef = 7E124DCB2ABB36F300ABC962 /* MasterInputCard.swift */; };
		7E302BBF2ABFC5EE0015E10D /* PlayerGridItem.swift in Sources */ = {isa = PBXBuildFile; fileRef = 7E302BBE2ABFC5EE0015E10D /* PlayerGridItem.swift */; };
		7E310AC42AB7828200AF20C7 /* ActionButton.swift in Sources */ = {isa = PBXBuildFile; fileRef = 7E310AC32AB7828200AF20C7 /* ActionButton.swift */; };
		7E310AC62AB786E400AF20C7 /* TextButtonContainer.swift in Sources */ = {isa = PBXBuildFile; fileRef = 7E310AC52AB786E400AF20C7 /* TextButtonContainer.swift */; };
		7E310AC82AB7959600AF20C7 /* BackgroundMove.swift in Sources */ = {isa = PBXBuildFile; fileRef = 7E310AC72AB7959600AF20C7 /* BackgroundMove.swift */; };
		7E310ACB2AB88E2300AF20C7 /* BorderedBackground.swift in Sources */ = {isa = PBXBuildFile; fileRef = 7E310ACA2AB88E2300AF20C7 /* BorderedBackground.swift */; };
		7E310ACD2AB88F2700AF20C7 /* UserInputPopup.swift in Sources */ = {isa = PBXBuildFile; fileRef = 7E310ACC2AB88F2700AF20C7 /* UserInputPopup.swift */; };
		7E310ACF2AB8954C00AF20C7 /* LandingScreenView.swift in Sources */ = {isa = PBXBuildFile; fileRef = 7E310ACE2AB8954C00AF20C7 /* LandingScreenView.swift */; };
		7E310AD22AB8956300AF20C7 /* LandingScreenInteractor.swift in Sources */ = {isa = PBXBuildFile; fileRef = 7E310AD12AB8956300AF20C7 /* LandingScreenInteractor.swift */; };
		7E310AD42AB8956D00AF20C7 /* LandingScreenPresenter.swift in Sources */ = {isa = PBXBuildFile; fileRef = 7E310AD32AB8956D00AF20C7 /* LandingScreenPresenter.swift */; };
		7E32B06C2AC5B57600A62D28 /* clio_appTests.swift in Sources */ = {isa = PBXBuildFile; fileRef = 7E32B06B2AC5B57600A62D28 /* clio_appTests.swift */; };
		7E32B0772AC6F5A000A62D28 /* LobbyViewModel.swift in Sources */ = {isa = PBXBuildFile; fileRef = 7E32B0762AC6F5A000A62D28 /* LobbyViewModel.swift */; };
		7E32B0792AC6F63B00A62D28 /* LobbyModel.swift in Sources */ = {isa = PBXBuildFile; fileRef = 7E32B0782AC6F63B00A62D28 /* LobbyModel.swift */; };
		7E5211582AB4A02D0080F92C /* UIColor+Extensions.swift in Sources */ = {isa = PBXBuildFile; fileRef = 7E5211572AB4A02D0080F92C /* UIColor+Extensions.swift */; };
		7E52115A2AB7305C0080F92C /* WelcomeUserHeader.swift in Sources */ = {isa = PBXBuildFile; fileRef = 7E5211592AB7305C0080F92C /* WelcomeUserHeader.swift */; };
		7E83E5B22ABBC10200F0690C /* ImageInputCard.swift in Sources */ = {isa = PBXBuildFile; fileRef = 7E83E5B12ABBC10200F0690C /* ImageInputCard.swift */; };
		7E83E5B52ABDB3BE00F0690C /* LobbyView.swift in Sources */ = {isa = PBXBuildFile; fileRef = 7E83E5B42ABDB3BE00F0690C /* LobbyView.swift */; };
		7E83E5B72ABDB42200F0690C /* MasterContainer.swift in Sources */ = {isa = PBXBuildFile; fileRef = 7E83E5B62ABDB42200F0690C /* MasterContainer.swift */; };
		7E83E5BA2ABDCA9B00F0690C /* PlayersContainer.swift in Sources */ = {isa = PBXBuildFile; fileRef = 7E83E5B92ABDCA9B00F0690C /* PlayersContainer.swift */; };
		7E8612382AD02502008F2FAA /* ClioEntities in Frameworks */ = {isa = PBXBuildFile; productRef = 7E8612372AD02502008F2FAA /* ClioEntities */; };
		7EB603982AC45D38007B8306 /* LobbyHeader.swift in Sources */ = {isa = PBXBuildFile; fileRef = 7EB603972AC45D38007B8306 /* LobbyHeader.swift */; };
		FF04AC942AB8BCFF00516135 /* StrokeText.swift in Sources */ = {isa = PBXBuildFile; fileRef = FF04AC922AB8BCFF00516135 /* StrokeText.swift */; };
		FF04AC952AB8BCFF00516135 /* TextFieldView.swift in Sources */ = {isa = PBXBuildFile; fileRef = FF04AC932AB8BCFF00516135 /* TextFieldView.swift */; };
		FF3A15EA2AB9C97A00E31DCA /* RoomHeader.swift in Sources */ = {isa = PBXBuildFile; fileRef = FF3A15E92AB9C97A00E31DCA /* RoomHeader.swift */; };
		FF3A15EE2ABA03E600E31DCA /* RadialUsers.swift in Sources */ = {isa = PBXBuildFile; fileRef = FF3A15ED2ABA03E600E31DCA /* RadialUsers.swift */; };
		FF3A15F12ABA1B7C00E31DCA /* AnonymousLoginView.swift in Sources */ = {isa = PBXBuildFile; fileRef = FF3A15F02ABA1B7C00E31DCA /* AnonymousLoginView.swift */; };
		FF3A15F32ABA1B9600E31DCA /* AnonymousLoginInteractor.swift in Sources */ = {isa = PBXBuildFile; fileRef = FF3A15F22ABA1B9600E31DCA /* AnonymousLoginInteractor.swift */; };
		FF3A15F52ABA1BA700E31DCA /* AnonymousLoginPresenter.swift in Sources */ = {isa = PBXBuildFile; fileRef = FF3A15F42ABA1BA700E31DCA /* AnonymousLoginPresenter.swift */; };
		FF3A15F92ABB482F00E31DCA /* KeyboardAdaptative.swift in Sources */ = {isa = PBXBuildFile; fileRef = FF3A15F82ABB482F00E31DCA /* KeyboardAdaptative.swift */; };
		FF6FD1CE2AB4A2BD00A2D681 /* Nighty DEMO.otf in Resources */ = {isa = PBXBuildFile; fileRef = FF6FD1CD2AB4A2BD00A2D681 /* Nighty DEMO.otf */; };
		FF6FD1D12AB4A85000A2D681 /* Font+Extensions.swift in Sources */ = {isa = PBXBuildFile; fileRef = FF6FD1D02AB4A85000A2D681 /* Font+Extensions.swift */; };
		FF6FD1D22AB4B24500A2D681 /* Itim-Regular.ttf in Resources */ = {isa = PBXBuildFile; fileRef = FF6FD1CC2AB4A0D800A2D681 /* Itim-Regular.ttf */; };
		FFFF9D4F2ABC50AD000DB11A /* SelectImageProfile.swift in Sources */ = {isa = PBXBuildFile; fileRef = FFFF9D4E2ABC50AD000DB11A /* SelectImageProfile.swift */; };
/* End PBXBuildFile section */

/* Begin PBXContainerItemProxy section */
		7E32B06D2AC5B57600A62D28 /* PBXContainerItemProxy */ = {
			isa = PBXContainerItemProxy;
			containerPortal = 00BFF8EE2AB4914B0068A5F2 /* Project object */;
			proxyType = 1;
			remoteGlobalIDString = 00BFF8F52AB4914B0068A5F2;
			remoteInfo = "clio-app";
		};
/* End PBXContainerItemProxy section */

/* Begin PBXFileReference section */
		00BFF8F92AB4914B0068A5F2 /* clio_appApp.swift */ = {isa = PBXFileReference; lastKnownFileType = sourcecode.swift; path = clio_appApp.swift; sourceTree = "<group>"; };
		00BFF8FB2AB4914B0068A5F2 /* CreateRoomView.swift */ = {isa = PBXFileReference; lastKnownFileType = sourcecode.swift; path = CreateRoomView.swift; sourceTree = "<group>"; };
		00BFF8FD2AB4914D0068A5F2 /* Assets.xcassets */ = {isa = PBXFileReference; lastKnownFileType = folder.assetcatalog; path = Assets.xcassets; sourceTree = "<group>"; };
		00BFF9002AB4914D0068A5F2 /* Preview Assets.xcassets */ = {isa = PBXFileReference; lastKnownFileType = folder.assetcatalog; path = "Preview Assets.xcassets"; sourceTree = "<group>"; };
		00D9C9C02ABC7D6900F66421 /* Endpoint.swift */ = {isa = PBXFileReference; lastKnownFileType = sourcecode.swift; path = Endpoint.swift; sourceTree = "<group>"; };
		00D9C9C22ABC7EAF00F66421 /* Loader.swift */ = {isa = PBXFileReference; lastKnownFileType = sourcecode.swift; path = Loader.swift; sourceTree = "<group>"; };
		00D9C9C42ABC7ECC00F66421 /* HttpError.swift */ = {isa = PBXFileReference; lastKnownFileType = sourcecode.swift; path = HttpError.swift; sourceTree = "<group>"; };
		00D9C9C62ABC7EF100F66421 /* MapperError.swift */ = {isa = PBXFileReference; lastKnownFileType = sourcecode.swift; path = MapperError.swift; sourceTree = "<group>"; };
		00D9C9CE2ABC806E00F66421 /* NetworkService.swift */ = {isa = PBXFileReference; lastKnownFileType = sourcecode.swift; path = NetworkService.swift; sourceTree = "<group>"; };
		00D9C9D22ABC814700F66421 /* Network.swift */ = {isa = PBXFileReference; lastKnownFileType = sourcecode.swift; path = Network.swift; sourceTree = "<group>"; };
		00D9C9D42ABC8D8A00F66421 /* CreateRoomViewModel.swift */ = {isa = PBXFileReference; lastKnownFileType = sourcecode.swift; path = CreateRoomViewModel.swift; sourceTree = "<group>"; };
		00D9C9D62ABC8DAE00F66421 /* CreateRoomModel.swift */ = {isa = PBXFileReference; lastKnownFileType = sourcecode.swift; path = CreateRoomModel.swift; sourceTree = "<group>"; };
		7E124DBD2AB9D49400ABC962 /* View+Extensions.swift */ = {isa = PBXFileReference; lastKnownFileType = sourcecode.swift; path = "View+Extensions.swift"; sourceTree = "<group>"; };
		7E124DBF2ABB1AC900ABC962 /* MasterInputView.swift */ = {isa = PBXFileReference; lastKnownFileType = sourcecode.swift; path = MasterInputView.swift; sourceTree = "<group>"; };
		7E124DC22ABB1B1900ABC962 /* MasterInputInteractor.swift */ = {isa = PBXFileReference; lastKnownFileType = sourcecode.swift; path = MasterInputInteractor.swift; sourceTree = "<group>"; };
		7E124DC42ABB1B2400ABC962 /* MasterInputPresenter.swift */ = {isa = PBXFileReference; lastKnownFileType = sourcecode.swift; path = MasterInputPresenter.swift; sourceTree = "<group>"; };
		7E124DC62ABB1B6E00ABC962 /* Header.swift */ = {isa = PBXFileReference; lastKnownFileType = sourcecode.swift; path = Header.swift; sourceTree = "<group>"; };
		7E124DC82ABB1D6E00ABC962 /* LimitedInputTextField.swift */ = {isa = PBXFileReference; lastKnownFileType = sourcecode.swift; path = LimitedInputTextField.swift; sourceTree = "<group>"; };
		7E124DCB2ABB36F300ABC962 /* MasterInputCard.swift */ = {isa = PBXFileReference; lastKnownFileType = sourcecode.swift; path = MasterInputCard.swift; sourceTree = "<group>"; };
		7E302BBE2ABFC5EE0015E10D /* PlayerGridItem.swift */ = {isa = PBXFileReference; lastKnownFileType = sourcecode.swift; path = PlayerGridItem.swift; sourceTree = "<group>"; };
		7E310AC32AB7828200AF20C7 /* ActionButton.swift */ = {isa = PBXFileReference; lastKnownFileType = sourcecode.swift; path = ActionButton.swift; sourceTree = "<group>"; };
		7E310AC52AB786E400AF20C7 /* TextButtonContainer.swift */ = {isa = PBXFileReference; lastKnownFileType = sourcecode.swift; path = TextButtonContainer.swift; sourceTree = "<group>"; };
		7E310AC72AB7959600AF20C7 /* BackgroundMove.swift */ = {isa = PBXFileReference; lastKnownFileType = sourcecode.swift; path = BackgroundMove.swift; sourceTree = "<group>"; };
		7E310ACA2AB88E2300AF20C7 /* BorderedBackground.swift */ = {isa = PBXFileReference; lastKnownFileType = sourcecode.swift; path = BorderedBackground.swift; sourceTree = "<group>"; };
		7E310ACC2AB88F2700AF20C7 /* UserInputPopup.swift */ = {isa = PBXFileReference; lastKnownFileType = sourcecode.swift; path = UserInputPopup.swift; sourceTree = "<group>"; };
		7E310ACE2AB8954C00AF20C7 /* LandingScreenView.swift */ = {isa = PBXFileReference; lastKnownFileType = sourcecode.swift; path = LandingScreenView.swift; sourceTree = "<group>"; };
		7E310AD12AB8956300AF20C7 /* LandingScreenInteractor.swift */ = {isa = PBXFileReference; lastKnownFileType = sourcecode.swift; path = LandingScreenInteractor.swift; sourceTree = "<group>"; };
		7E310AD32AB8956D00AF20C7 /* LandingScreenPresenter.swift */ = {isa = PBXFileReference; lastKnownFileType = sourcecode.swift; path = LandingScreenPresenter.swift; sourceTree = "<group>"; };
		7E32B0692AC5B57600A62D28 /* clio-appTests.xctest */ = {isa = PBXFileReference; explicitFileType = wrapper.cfbundle; includeInIndex = 0; path = "clio-appTests.xctest"; sourceTree = BUILT_PRODUCTS_DIR; };
		7E32B06B2AC5B57600A62D28 /* clio_appTests.swift */ = {isa = PBXFileReference; lastKnownFileType = sourcecode.swift; path = clio_appTests.swift; sourceTree = "<group>"; };
		7E32B0722AC5B5D000A62D28 /* clio-app.xctestplan */ = {isa = PBXFileReference; lastKnownFileType = text; path = "clio-app.xctestplan"; sourceTree = "<group>"; };
		7E32B0762AC6F5A000A62D28 /* LobbyViewModel.swift */ = {isa = PBXFileReference; lastKnownFileType = sourcecode.swift; path = LobbyViewModel.swift; sourceTree = "<group>"; };
		7E32B0782AC6F63B00A62D28 /* LobbyModel.swift */ = {isa = PBXFileReference; lastKnownFileType = sourcecode.swift; path = LobbyModel.swift; sourceTree = "<group>"; };
		7E5211572AB4A02D0080F92C /* UIColor+Extensions.swift */ = {isa = PBXFileReference; lastKnownFileType = sourcecode.swift; path = "UIColor+Extensions.swift"; sourceTree = "<group>"; };
		7E5211592AB7305C0080F92C /* WelcomeUserHeader.swift */ = {isa = PBXFileReference; lastKnownFileType = sourcecode.swift; path = WelcomeUserHeader.swift; sourceTree = "<group>"; };
		7E7667302AC47045009064C8 /* clio-app.app */ = {isa = PBXFileReference; explicitFileType = wrapper.application; includeInIndex = 0; path = "clio-app.app"; sourceTree = BUILT_PRODUCTS_DIR; };
		7E83E5B12ABBC10200F0690C /* ImageInputCard.swift */ = {isa = PBXFileReference; lastKnownFileType = sourcecode.swift; path = ImageInputCard.swift; sourceTree = "<group>"; };
		7E83E5B42ABDB3BE00F0690C /* LobbyView.swift */ = {isa = PBXFileReference; lastKnownFileType = sourcecode.swift; path = LobbyView.swift; sourceTree = "<group>"; };
		7E83E5B62ABDB42200F0690C /* MasterContainer.swift */ = {isa = PBXFileReference; lastKnownFileType = sourcecode.swift; path = MasterContainer.swift; sourceTree = "<group>"; };
		7E83E5B92ABDCA9B00F0690C /* PlayersContainer.swift */ = {isa = PBXFileReference; lastKnownFileType = sourcecode.swift; path = PlayersContainer.swift; sourceTree = "<group>"; };
		7EB603972AC45D38007B8306 /* LobbyHeader.swift */ = {isa = PBXFileReference; lastKnownFileType = sourcecode.swift; path = LobbyHeader.swift; sourceTree = "<group>"; };
		FF04AC922AB8BCFF00516135 /* StrokeText.swift */ = {isa = PBXFileReference; fileEncoding = 4; lastKnownFileType = sourcecode.swift; path = StrokeText.swift; sourceTree = "<group>"; };
		FF04AC932AB8BCFF00516135 /* TextFieldView.swift */ = {isa = PBXFileReference; fileEncoding = 4; lastKnownFileType = sourcecode.swift; path = TextFieldView.swift; sourceTree = "<group>"; };
		FF3A15E92AB9C97A00E31DCA /* RoomHeader.swift */ = {isa = PBXFileReference; lastKnownFileType = sourcecode.swift; path = RoomHeader.swift; sourceTree = "<group>"; };
		FF3A15ED2ABA03E600E31DCA /* RadialUsers.swift */ = {isa = PBXFileReference; lastKnownFileType = sourcecode.swift; path = RadialUsers.swift; sourceTree = "<group>"; };
		FF3A15F02ABA1B7C00E31DCA /* AnonymousLoginView.swift */ = {isa = PBXFileReference; lastKnownFileType = sourcecode.swift; path = AnonymousLoginView.swift; sourceTree = "<group>"; };
		FF3A15F22ABA1B9600E31DCA /* AnonymousLoginInteractor.swift */ = {isa = PBXFileReference; lastKnownFileType = sourcecode.swift; path = AnonymousLoginInteractor.swift; sourceTree = "<group>"; };
		FF3A15F42ABA1BA700E31DCA /* AnonymousLoginPresenter.swift */ = {isa = PBXFileReference; lastKnownFileType = sourcecode.swift; path = AnonymousLoginPresenter.swift; sourceTree = "<group>"; };
		FF3A15F82ABB482F00E31DCA /* KeyboardAdaptative.swift */ = {isa = PBXFileReference; fileEncoding = 4; lastKnownFileType = sourcecode.swift; path = KeyboardAdaptative.swift; sourceTree = "<group>"; };
		FF6FD1CC2AB4A0D800A2D681 /* Itim-Regular.ttf */ = {isa = PBXFileReference; lastKnownFileType = file; path = "Itim-Regular.ttf"; sourceTree = "<group>"; };
		FF6FD1CD2AB4A2BD00A2D681 /* Nighty DEMO.otf */ = {isa = PBXFileReference; lastKnownFileType = file; path = "Nighty DEMO.otf"; sourceTree = "<group>"; };
		FF6FD1CF2AB4A67600A2D681 /* Info.plist */ = {isa = PBXFileReference; lastKnownFileType = text.plist; path = Info.plist; sourceTree = "<group>"; };
		FF6FD1D02AB4A85000A2D681 /* Font+Extensions.swift */ = {isa = PBXFileReference; lastKnownFileType = sourcecode.swift; path = "Font+Extensions.swift"; sourceTree = "<group>"; };
		FFFF9D4E2ABC50AD000DB11A /* SelectImageProfile.swift */ = {isa = PBXFileReference; lastKnownFileType = sourcecode.swift; path = SelectImageProfile.swift; sourceTree = "<group>"; };
/* End PBXFileReference section */

/* Begin PBXFrameworksBuildPhase section */
		00BFF8F32AB4914B0068A5F2 /* Frameworks */ = {
			isa = PBXFrameworksBuildPhase;
			buildActionMask = 2147483647;
			files = (
				7E8612382AD02502008F2FAA /* ClioEntities in Frameworks */,
			);
			runOnlyForDeploymentPostprocessing = 0;
		};
		7E32B0662AC5B57600A62D28 /* Frameworks */ = {
			isa = PBXFrameworksBuildPhase;
			buildActionMask = 2147483647;
			files = (
			);
			runOnlyForDeploymentPostprocessing = 0;
		};
/* End PBXFrameworksBuildPhase section */

/* Begin PBXGroup section */
		00BFF8ED2AB4914B0068A5F2 = {
			isa = PBXGroup;
			children = (
				7E32B0722AC5B5D000A62D28 /* clio-app.xctestplan */,
				00BFF8F82AB4914B0068A5F2 /* clio-app */,
				7E7667302AC47045009064C8 /* clio-app.app */,
				7E32B0692AC5B57600A62D28 /* clio-appTests.xctest */,
				7E32B06A2AC5B57600A62D28 /* clio-appTests */,
			);
			sourceTree = "<group>";
		};
		00BFF8F82AB4914B0068A5F2 /* clio-app */ = {
			isa = PBXGroup;
			children = (
				FF6FD1CF2AB4A67600A2D681 /* Info.plist */,
				00BFF9252AB491A80068A5F2 /* Source */,
				00BFF9242AB4919D0068A5F2 /* Application */,
				00BFF9232AB491910068A5F2 /* Resource */,
				00BFF8FF2AB4914D0068A5F2 /* Preview Content */,
			);
			path = "clio-app";
			sourceTree = "<group>";
		};
		00BFF8FF2AB4914D0068A5F2 /* Preview Content */ = {
			isa = PBXGroup;
			children = (
				00BFF9002AB4914D0068A5F2 /* Preview Assets.xcassets */,
			);
			path = "Preview Content";
			sourceTree = "<group>";
		};
		00BFF9232AB491910068A5F2 /* Resource */ = {
			isa = PBXGroup;
			children = (
				00D9C9BC2ABC701C00F66421 /* Modifiers */,
				FF6FD1CB2AB49D8700A2D681 /* Fonts */,
				00BFF8FD2AB4914D0068A5F2 /* Assets.xcassets */,
				FF6FD1D02AB4A85000A2D681 /* Font+Extensions.swift */,
				7E5211572AB4A02D0080F92C /* UIColor+Extensions.swift */,
				7E124DBD2AB9D49400ABC962 /* View+Extensions.swift */,
			);
			path = Resource;
			sourceTree = "<group>";
		};
		00BFF9242AB4919D0068A5F2 /* Application */ = {
			isa = PBXGroup;
			children = (
				00BFF8F92AB4914B0068A5F2 /* clio_appApp.swift */,
			);
			path = Application;
			sourceTree = "<group>";
		};
		00BFF9252AB491A80068A5F2 /* Source */ = {
			isa = PBXGroup;
			children = (
				00D9C9BF2ABC7D5A00F66421 /* API */,
				00BFF9262AB491AE0068A5F2 /* Presentation */,
			);
			path = Source;
			sourceTree = "<group>";
		};
		00BFF9262AB491AE0068A5F2 /* Presentation */ = {
			isa = PBXGroup;
			children = (
				7E310AC92AB8895200AF20C7 /* GeneralComponents */,
				7E310AD02AB8955200AF20C7 /* LandingScreenView */,
				00BFF9272AB491B50068A5F2 /* CreateRoomView */,
				7E83E5B32ABDB10400F0690C /* LobbyView */,
				FF3A15EF2ABA1B5600E31DCA /* AnonymousLogin */,
				7E124DC12ABB1ACE00ABC962 /* MasterInput */,
			);
			path = Presentation;
			sourceTree = "<group>";
		};
		00BFF9272AB491B50068A5F2 /* CreateRoomView */ = {
			isa = PBXGroup;
			children = (
				00BFF8FB2AB4914B0068A5F2 /* CreateRoomView.swift */,
				00D9C9D42ABC8D8A00F66421 /* CreateRoomViewModel.swift */,
				00D9C9D62ABC8DAE00F66421 /* CreateRoomModel.swift */,
			);
			path = CreateRoomView;
			sourceTree = "<group>";
		};
		00D9C9BC2ABC701C00F66421 /* Modifiers */ = {
			isa = PBXGroup;
			children = (
				FF3A15F82ABB482F00E31DCA /* KeyboardAdaptative.swift */,
			);
			path = Modifiers;
			sourceTree = "<group>";
		};
		00D9C9BF2ABC7D5A00F66421 /* API */ = {
			isa = PBXGroup;
			children = (
				00D9C9D12ABC813100F66421 /* Helpers */,
				00D9C9D02ABC809A00F66421 /* Protocol */,
				00D9C9C82ABC7EFA00F66421 /* Error */,
				00D9C9CE2ABC806E00F66421 /* NetworkService.swift */,
			);
			path = API;
			sourceTree = "<group>";
		};
		00D9C9C82ABC7EFA00F66421 /* Error */ = {
			isa = PBXGroup;
			children = (
				00D9C9C42ABC7ECC00F66421 /* HttpError.swift */,
				00D9C9C62ABC7EF100F66421 /* MapperError.swift */,
			);
			path = Error;
			sourceTree = "<group>";
		};
		00D9C9D02ABC809A00F66421 /* Protocol */ = {
			isa = PBXGroup;
			children = (
				00D9C9C02ABC7D6900F66421 /* Endpoint.swift */,
				00D9C9D22ABC814700F66421 /* Network.swift */,
			);
			path = Protocol;
			sourceTree = "<group>";
		};
		00D9C9D12ABC813100F66421 /* Helpers */ = {
			isa = PBXGroup;
			children = (
				00D9C9C22ABC7EAF00F66421 /* Loader.swift */,
			);
			path = Helpers;
			sourceTree = "<group>";
		};
		7E124DC12ABB1ACE00ABC962 /* MasterInput */ = {
			isa = PBXGroup;
			children = (
				7E124DBF2ABB1AC900ABC962 /* MasterInputView.swift */,
				7E124DC22ABB1B1900ABC962 /* MasterInputInteractor.swift */,
				7E124DC42ABB1B2400ABC962 /* MasterInputPresenter.swift */,
				7E124DCA2ABB362F00ABC962 /* Components */,
			);
			path = MasterInput;
			sourceTree = "<group>";
		};
		7E124DCA2ABB362F00ABC962 /* Components */ = {
			isa = PBXGroup;
			children = (
				7E124DC82ABB1D6E00ABC962 /* LimitedInputTextField.swift */,
				7E124DCB2ABB36F300ABC962 /* MasterInputCard.swift */,
				7E83E5B12ABBC10200F0690C /* ImageInputCard.swift */,
			);
			path = Components;
			sourceTree = "<group>";
		};
		7E310AC92AB8895200AF20C7 /* GeneralComponents */ = {
			isa = PBXGroup;
			children = (
				7E310AC32AB7828200AF20C7 /* ActionButton.swift */,
				7E310ACA2AB88E2300AF20C7 /* BorderedBackground.swift */,
				FF3A15E92AB9C97A00E31DCA /* RoomHeader.swift */,
				FF3A15ED2ABA03E600E31DCA /* RadialUsers.swift */,
				FF04AC922AB8BCFF00516135 /* StrokeText.swift */,
				FF04AC932AB8BCFF00516135 /* TextFieldView.swift */,
				7E124DC62ABB1B6E00ABC962 /* Header.swift */,
			);
			path = GeneralComponents;
			sourceTree = "<group>";
		};
		7E310AD02AB8955200AF20C7 /* LandingScreenView */ = {
			isa = PBXGroup;
			children = (
				7E310ACE2AB8954C00AF20C7 /* LandingScreenView.swift */,
				7E310AD12AB8956300AF20C7 /* LandingScreenInteractor.swift */,
				7E310AD32AB8956D00AF20C7 /* LandingScreenPresenter.swift */,
				7E52115B2AB730600080F92C /* Components */,
			);
			path = LandingScreenView;
			sourceTree = "<group>";
		};
		7E32B06A2AC5B57600A62D28 /* clio-appTests */ = {
			isa = PBXGroup;
			children = (
				7E32B06B2AC5B57600A62D28 /* clio_appTests.swift */,
			);
			path = "clio-appTests";
			sourceTree = "<group>";
		};
		7E52115B2AB730600080F92C /* Components */ = {
			isa = PBXGroup;
			children = (
				7E5211592AB7305C0080F92C /* WelcomeUserHeader.swift */,
				7E310AC72AB7959600AF20C7 /* BackgroundMove.swift */,
				7E310AC52AB786E400AF20C7 /* TextButtonContainer.swift */,
				7E310ACC2AB88F2700AF20C7 /* UserInputPopup.swift */,
			);
			path = Components;
			sourceTree = "<group>";
		};
		7E83E5B32ABDB10400F0690C /* LobbyView */ = {
			isa = PBXGroup;
			children = (
				7E83E5B42ABDB3BE00F0690C /* LobbyView.swift */,
				7E32B0762AC6F5A000A62D28 /* LobbyViewModel.swift */,
				7E32B0782AC6F63B00A62D28 /* LobbyModel.swift */,
				7E83E5B82ABDBF8100F0690C /* Components */,
			);
			path = LobbyView;
			sourceTree = "<group>";
		};
		7E83E5B82ABDBF8100F0690C /* Components */ = {
			isa = PBXGroup;
			children = (
				7E83E5B62ABDB42200F0690C /* MasterContainer.swift */,
				7E83E5B92ABDCA9B00F0690C /* PlayersContainer.swift */,
				7E302BBE2ABFC5EE0015E10D /* PlayerGridItem.swift */,
				7EB603972AC45D38007B8306 /* LobbyHeader.swift */,
			);
			path = Components;
			sourceTree = "<group>";
		};
		FF3A15EF2ABA1B5600E31DCA /* AnonymousLogin */ = {
			isa = PBXGroup;
			children = (
				FF3A15F02ABA1B7C00E31DCA /* AnonymousLoginView.swift */,
				FF3A15F22ABA1B9600E31DCA /* AnonymousLoginInteractor.swift */,
				FF3A15F42ABA1BA700E31DCA /* AnonymousLoginPresenter.swift */,
				FF3A15FC2ABB587B00E31DCA /* Components */,
			);
			path = AnonymousLogin;
			sourceTree = "<group>";
		};
		FF3A15FC2ABB587B00E31DCA /* Components */ = {
			isa = PBXGroup;
			children = (
				FFFF9D4E2ABC50AD000DB11A /* SelectImageProfile.swift */,
			);
			path = Components;
			sourceTree = "<group>";
		};
		FF6FD1CB2AB49D8700A2D681 /* Fonts */ = {
			isa = PBXGroup;
			children = (
				FF6FD1CC2AB4A0D800A2D681 /* Itim-Regular.ttf */,
				FF6FD1CD2AB4A2BD00A2D681 /* Nighty DEMO.otf */,
			);
			path = Fonts;
			sourceTree = "<group>";
		};
/* End PBXGroup section */

/* Begin PBXNativeTarget section */
		00BFF8F52AB4914B0068A5F2 /* clio-app */ = {
			isa = PBXNativeTarget;
			buildConfigurationList = 00BFF91A2AB4914D0068A5F2 /* Build configuration list for PBXNativeTarget "clio-app" */;
			buildPhases = (
				00BFF8F22AB4914B0068A5F2 /* Sources */,
				00BFF8F32AB4914B0068A5F2 /* Frameworks */,
				00BFF8F42AB4914B0068A5F2 /* Resources */,
			);
			buildRules = (
			);
			dependencies = (
			);
			name = "clio-app";
			packageProductDependencies = (
				7E8612372AD02502008F2FAA /* ClioEntities */,
			);
			productName = "clio-app";
			productReference = 7E7667302AC47045009064C8 /* clio-app.app */;
			productType = "com.apple.product-type.application";
		};
		7E32B0682AC5B57600A62D28 /* clio-appTests */ = {
			isa = PBXNativeTarget;
			buildConfigurationList = 7E32B06F2AC5B57600A62D28 /* Build configuration list for PBXNativeTarget "clio-appTests" */;
			buildPhases = (
				7E32B0652AC5B57600A62D28 /* Sources */,
				7E32B0662AC5B57600A62D28 /* Frameworks */,
				7E32B0672AC5B57600A62D28 /* Resources */,
			);
			buildRules = (
			);
			dependencies = (
				7E32B06E2AC5B57600A62D28 /* PBXTargetDependency */,
			);
			name = "clio-appTests";
			productName = "clio-appTests";
			productReference = 7E32B0692AC5B57600A62D28 /* clio-appTests.xctest */;
			productType = "com.apple.product-type.bundle.unit-test";
		};
/* End PBXNativeTarget section */

/* Begin PBXProject section */
		00BFF8EE2AB4914B0068A5F2 /* Project object */ = {
			isa = PBXProject;
			attributes = {
				BuildIndependentTargetsInParallel = 1;
				LastSwiftUpdateCheck = 1500;
				LastUpgradeCheck = 1430;
				TargetAttributes = {
					00BFF8F52AB4914B0068A5F2 = {
						CreatedOnToolsVersion = 14.3;
					};
					7E32B0682AC5B57600A62D28 = {
						CreatedOnToolsVersion = 15.0;
						TestTargetID = 00BFF8F52AB4914B0068A5F2;
					};
				};
			};
			buildConfigurationList = 00BFF8F12AB4914B0068A5F2 /* Build configuration list for PBXProject "clio-app" */;
			compatibilityVersion = "Xcode 14.0";
			developmentRegion = en;
			hasScannedForEncodings = 0;
			knownRegions = (
				en,
				Base,
			);
			mainGroup = 00BFF8ED2AB4914B0068A5F2;
			packageReferences = (
				7E8612362AD02502008F2FAA /* XCRemoteSwiftPackageReference "clio-entities" */,
			);
			productRefGroup = 00BFF8ED2AB4914B0068A5F2;
			projectDirPath = "";
			projectRoot = "";
			targets = (
				00BFF8F52AB4914B0068A5F2 /* clio-app */,
				7E32B0682AC5B57600A62D28 /* clio-appTests */,
			);
		};
/* End PBXProject section */

/* Begin PBXResourcesBuildPhase section */
		00BFF8F42AB4914B0068A5F2 /* Resources */ = {
			isa = PBXResourcesBuildPhase;
			buildActionMask = 2147483647;
			files = (
				00BFF9012AB4914D0068A5F2 /* Preview Assets.xcassets in Resources */,
				FF6FD1CE2AB4A2BD00A2D681 /* Nighty DEMO.otf in Resources */,
				FF6FD1D22AB4B24500A2D681 /* Itim-Regular.ttf in Resources */,
				00BFF8FE2AB4914D0068A5F2 /* Assets.xcassets in Resources */,
			);
			runOnlyForDeploymentPostprocessing = 0;
		};
		7E32B0672AC5B57600A62D28 /* Resources */ = {
			isa = PBXResourcesBuildPhase;
			buildActionMask = 2147483647;
			files = (
			);
			runOnlyForDeploymentPostprocessing = 0;
		};
/* End PBXResourcesBuildPhase section */

/* Begin PBXSourcesBuildPhase section */
		00BFF8F22AB4914B0068A5F2 /* Sources */ = {
			isa = PBXSourcesBuildPhase;
			buildActionMask = 2147483647;
			files = (
				00D9C9D72ABC8DAE00F66421 /* CreateRoomModel.swift in Sources */,
				7E32B0772AC6F5A000A62D28 /* LobbyViewModel.swift in Sources */,
				7E124DC72ABB1B6E00ABC962 /* Header.swift in Sources */,
				7E310AC62AB786E400AF20C7 /* TextButtonContainer.swift in Sources */,
				FF3A15EA2AB9C97A00E31DCA /* RoomHeader.swift in Sources */,
				FF3A15F52ABA1BA700E31DCA /* AnonymousLoginPresenter.swift in Sources */,
				FF3A15F12ABA1B7C00E31DCA /* AnonymousLoginView.swift in Sources */,
				FFFF9D4F2ABC50AD000DB11A /* SelectImageProfile.swift in Sources */,
				FF3A15F32ABA1B9600E31DCA /* AnonymousLoginInteractor.swift in Sources */,
				7E310ACF2AB8954C00AF20C7 /* LandingScreenView.swift in Sources */,
				7E310AC82AB7959600AF20C7 /* BackgroundMove.swift in Sources */,
				00D9C9C32ABC7EAF00F66421 /* Loader.swift in Sources */,
				00D9C9C52ABC7ECC00F66421 /* HttpError.swift in Sources */,
				7E310AD42AB8956D00AF20C7 /* LandingScreenPresenter.swift in Sources */,
				FF04AC942AB8BCFF00516135 /* StrokeText.swift in Sources */,
				7EB603982AC45D38007B8306 /* LobbyHeader.swift in Sources */,
				FF04AC952AB8BCFF00516135 /* TextFieldView.swift in Sources */,
				7E5211582AB4A02D0080F92C /* UIColor+Extensions.swift in Sources */,
				00D9C9D52ABC8D8A00F66421 /* CreateRoomViewModel.swift in Sources */,
				7E124DBE2AB9D49400ABC962 /* View+Extensions.swift in Sources */,
				7E83E5B22ABBC10200F0690C /* ImageInputCard.swift in Sources */,
				7E124DCC2ABB36F300ABC962 /* MasterInputCard.swift in Sources */,
				7E124DC32ABB1B1900ABC962 /* MasterInputInteractor.swift in Sources */,
				7E52115A2AB7305C0080F92C /* WelcomeUserHeader.swift in Sources */,
				7E124DC02ABB1AC900ABC962 /* MasterInputView.swift in Sources */,
				7E310AD22AB8956300AF20C7 /* LandingScreenInteractor.swift in Sources */,
				7E83E5BA2ABDCA9B00F0690C /* PlayersContainer.swift in Sources */,
				7E302BBF2ABFC5EE0015E10D /* PlayerGridItem.swift in Sources */,
				7E83E5B52ABDB3BE00F0690C /* LobbyView.swift in Sources */,
				7E310AC42AB7828200AF20C7 /* ActionButton.swift in Sources */,
				7E83E5B72ABDB42200F0690C /* MasterContainer.swift in Sources */,
				7E310ACD2AB88F2700AF20C7 /* UserInputPopup.swift in Sources */,
				FF3A15F92ABB482F00E31DCA /* KeyboardAdaptative.swift in Sources */,
				7E124DC52ABB1B2400ABC962 /* MasterInputPresenter.swift in Sources */,
				FF6FD1D12AB4A85000A2D681 /* Font+Extensions.swift in Sources */,
				00BFF8FC2AB4914B0068A5F2 /* CreateRoomView.swift in Sources */,
				7E310ACB2AB88E2300AF20C7 /* BorderedBackground.swift in Sources */,
				FF3A15EE2ABA03E600E31DCA /* RadialUsers.swift in Sources */,
				00D9C9C72ABC7EF100F66421 /* MapperError.swift in Sources */,
				00D9C9D32ABC814700F66421 /* Network.swift in Sources */,
				00D9C9C12ABC7D6900F66421 /* Endpoint.swift in Sources */,
				00D9C9CF2ABC806E00F66421 /* NetworkService.swift in Sources */,
				00BFF8FA2AB4914B0068A5F2 /* clio_appApp.swift in Sources */,
				7E32B0792AC6F63B00A62D28 /* LobbyModel.swift in Sources */,
				7E124DC92ABB1D6E00ABC962 /* LimitedInputTextField.swift in Sources */,
			);
			runOnlyForDeploymentPostprocessing = 0;
		};
		7E32B0652AC5B57600A62D28 /* Sources */ = {
			isa = PBXSourcesBuildPhase;
			buildActionMask = 2147483647;
			files = (
				7E32B06C2AC5B57600A62D28 /* clio_appTests.swift in Sources */,
			);
			runOnlyForDeploymentPostprocessing = 0;
		};
/* End PBXSourcesBuildPhase section */

/* Begin PBXTargetDependency section */
		7E32B06E2AC5B57600A62D28 /* PBXTargetDependency */ = {
			isa = PBXTargetDependency;
			target = 00BFF8F52AB4914B0068A5F2 /* clio-app */;
			targetProxy = 7E32B06D2AC5B57600A62D28 /* PBXContainerItemProxy */;
		};
/* End PBXTargetDependency section */

/* Begin XCBuildConfiguration section */
		00BFF9182AB4914D0068A5F2 /* Debug */ = {
			isa = XCBuildConfiguration;
			buildSettings = {
				ALWAYS_SEARCH_USER_PATHS = NO;
				CLANG_ANALYZER_NONNULL = YES;
				CLANG_ANALYZER_NUMBER_OBJECT_CONVERSION = YES_AGGRESSIVE;
				CLANG_CXX_LANGUAGE_STANDARD = "gnu++20";
				CLANG_ENABLE_MODULES = YES;
				CLANG_ENABLE_OBJC_ARC = YES;
				CLANG_ENABLE_OBJC_WEAK = YES;
				CLANG_WARN_BLOCK_CAPTURE_AUTORELEASING = YES;
				CLANG_WARN_BOOL_CONVERSION = YES;
				CLANG_WARN_COMMA = YES;
				CLANG_WARN_CONSTANT_CONVERSION = YES;
				CLANG_WARN_DEPRECATED_OBJC_IMPLEMENTATIONS = YES;
				CLANG_WARN_DIRECT_OBJC_ISA_USAGE = YES_ERROR;
				CLANG_WARN_DOCUMENTATION_COMMENTS = YES;
				CLANG_WARN_EMPTY_BODY = YES;
				CLANG_WARN_ENUM_CONVERSION = YES;
				CLANG_WARN_INFINITE_RECURSION = YES;
				CLANG_WARN_INT_CONVERSION = YES;
				CLANG_WARN_NON_LITERAL_NULL_CONVERSION = YES;
				CLANG_WARN_OBJC_IMPLICIT_RETAIN_SELF = YES;
				CLANG_WARN_OBJC_LITERAL_CONVERSION = YES;
				CLANG_WARN_OBJC_ROOT_CLASS = YES_ERROR;
				CLANG_WARN_QUOTED_INCLUDE_IN_FRAMEWORK_HEADER = YES;
				CLANG_WARN_RANGE_LOOP_ANALYSIS = YES;
				CLANG_WARN_STRICT_PROTOTYPES = YES;
				CLANG_WARN_SUSPICIOUS_MOVE = YES;
				CLANG_WARN_UNGUARDED_AVAILABILITY = YES_AGGRESSIVE;
				CLANG_WARN_UNREACHABLE_CODE = YES;
				CLANG_WARN__DUPLICATE_METHOD_MATCH = YES;
				COPY_PHASE_STRIP = NO;
				DEBUG_INFORMATION_FORMAT = dwarf;
				ENABLE_STRICT_OBJC_MSGSEND = YES;
				ENABLE_TESTABILITY = YES;
				GCC_C_LANGUAGE_STANDARD = gnu11;
				GCC_DYNAMIC_NO_PIC = NO;
				GCC_NO_COMMON_BLOCKS = YES;
				GCC_OPTIMIZATION_LEVEL = 0;
				GCC_PREPROCESSOR_DEFINITIONS = (
					"DEBUG=1",
					"$(inherited)",
				);
				GCC_WARN_64_TO_32_BIT_CONVERSION = YES;
				GCC_WARN_ABOUT_RETURN_TYPE = YES_ERROR;
				GCC_WARN_UNDECLARED_SELECTOR = YES;
				GCC_WARN_UNINITIALIZED_AUTOS = YES_AGGRESSIVE;
				GCC_WARN_UNUSED_FUNCTION = YES;
				GCC_WARN_UNUSED_VARIABLE = YES;
				IPHONEOS_DEPLOYMENT_TARGET = 16.0;
				MTL_ENABLE_DEBUG_INFO = INCLUDE_SOURCE;
				MTL_FAST_MATH = YES;
				ONLY_ACTIVE_ARCH = YES;
				SDKROOT = iphoneos;
				SWIFT_ACTIVE_COMPILATION_CONDITIONS = DEBUG;
				SWIFT_OPTIMIZATION_LEVEL = "-Onone";
			};
			name = Debug;
		};
		00BFF9192AB4914D0068A5F2 /* Release */ = {
			isa = XCBuildConfiguration;
			buildSettings = {
				ALWAYS_SEARCH_USER_PATHS = NO;
				CLANG_ANALYZER_NONNULL = YES;
				CLANG_ANALYZER_NUMBER_OBJECT_CONVERSION = YES_AGGRESSIVE;
				CLANG_CXX_LANGUAGE_STANDARD = "gnu++20";
				CLANG_ENABLE_MODULES = YES;
				CLANG_ENABLE_OBJC_ARC = YES;
				CLANG_ENABLE_OBJC_WEAK = YES;
				CLANG_WARN_BLOCK_CAPTURE_AUTORELEASING = YES;
				CLANG_WARN_BOOL_CONVERSION = YES;
				CLANG_WARN_COMMA = YES;
				CLANG_WARN_CONSTANT_CONVERSION = YES;
				CLANG_WARN_DEPRECATED_OBJC_IMPLEMENTATIONS = YES;
				CLANG_WARN_DIRECT_OBJC_ISA_USAGE = YES_ERROR;
				CLANG_WARN_DOCUMENTATION_COMMENTS = YES;
				CLANG_WARN_EMPTY_BODY = YES;
				CLANG_WARN_ENUM_CONVERSION = YES;
				CLANG_WARN_INFINITE_RECURSION = YES;
				CLANG_WARN_INT_CONVERSION = YES;
				CLANG_WARN_NON_LITERAL_NULL_CONVERSION = YES;
				CLANG_WARN_OBJC_IMPLICIT_RETAIN_SELF = YES;
				CLANG_WARN_OBJC_LITERAL_CONVERSION = YES;
				CLANG_WARN_OBJC_ROOT_CLASS = YES_ERROR;
				CLANG_WARN_QUOTED_INCLUDE_IN_FRAMEWORK_HEADER = YES;
				CLANG_WARN_RANGE_LOOP_ANALYSIS = YES;
				CLANG_WARN_STRICT_PROTOTYPES = YES;
				CLANG_WARN_SUSPICIOUS_MOVE = YES;
				CLANG_WARN_UNGUARDED_AVAILABILITY = YES_AGGRESSIVE;
				CLANG_WARN_UNREACHABLE_CODE = YES;
				CLANG_WARN__DUPLICATE_METHOD_MATCH = YES;
				COPY_PHASE_STRIP = NO;
				DEBUG_INFORMATION_FORMAT = "dwarf-with-dsym";
				ENABLE_NS_ASSERTIONS = NO;
				ENABLE_STRICT_OBJC_MSGSEND = YES;
				GCC_C_LANGUAGE_STANDARD = gnu11;
				GCC_NO_COMMON_BLOCKS = YES;
				GCC_WARN_64_TO_32_BIT_CONVERSION = YES;
				GCC_WARN_ABOUT_RETURN_TYPE = YES_ERROR;
				GCC_WARN_UNDECLARED_SELECTOR = YES;
				GCC_WARN_UNINITIALIZED_AUTOS = YES_AGGRESSIVE;
				GCC_WARN_UNUSED_FUNCTION = YES;
				GCC_WARN_UNUSED_VARIABLE = YES;
				IPHONEOS_DEPLOYMENT_TARGET = 16.0;
				MTL_ENABLE_DEBUG_INFO = NO;
				MTL_FAST_MATH = YES;
				SDKROOT = iphoneos;
				SWIFT_COMPILATION_MODE = wholemodule;
				SWIFT_OPTIMIZATION_LEVEL = "-O";
				VALIDATE_PRODUCT = YES;
			};
			name = Release;
		};
		00BFF91B2AB4914D0068A5F2 /* Debug */ = {
			isa = XCBuildConfiguration;
			buildSettings = {
				ASSETCATALOG_COMPILER_APPICON_NAME = AppIcon;
				ASSETCATALOG_COMPILER_GLOBAL_ACCENT_COLOR_NAME = AccentColor;
				CODE_SIGN_STYLE = Automatic;
				CURRENT_PROJECT_VERSION = 1;
				DEVELOPMENT_ASSET_PATHS = "\"clio-app/Preview Content\"";
				DEVELOPMENT_TEAM = 685GVH2XJC;
				ENABLE_PREVIEWS = YES;
				GENERATE_INFOPLIST_FILE = YES;
				INFOPLIST_FILE = "clio-app/Info.plist";
				INFOPLIST_KEY_UIApplicationSceneManifest_Generation = YES;
				INFOPLIST_KEY_UIApplicationSupportsIndirectInputEvents = YES;
				INFOPLIST_KEY_UILaunchScreen_Generation = YES;
				INFOPLIST_KEY_UISupportedInterfaceOrientations = UIInterfaceOrientationPortrait;
				INFOPLIST_KEY_UISupportedInterfaceOrientations_iPad = "UIInterfaceOrientationPortrait UIInterfaceOrientationPortraitUpsideDown";
				IPHONEOS_DEPLOYMENT_TARGET = 16.0;
				LD_RUNPATH_SEARCH_PATHS = (
					"$(inherited)",
					"@executable_path/Frameworks",
				);
				MARKETING_VERSION = 1.0;
				PRODUCT_BUNDLE_IDENTIFIER = "com.clio-ios-app";
				PRODUCT_NAME = "$(TARGET_NAME)";
				SUPPORTED_PLATFORMS = "iphoneos iphonesimulator";
				SUPPORTS_MACCATALYST = NO;
				SUPPORTS_MAC_DESIGNED_FOR_IPHONE_IPAD = NO;
				SWIFT_EMIT_LOC_STRINGS = YES;
				SWIFT_VERSION = 5.0;
				TARGETED_DEVICE_FAMILY = 1;
			};
			name = Debug;
		};
		00BFF91C2AB4914D0068A5F2 /* Release */ = {
			isa = XCBuildConfiguration;
			buildSettings = {
				ASSETCATALOG_COMPILER_APPICON_NAME = AppIcon;
				ASSETCATALOG_COMPILER_GLOBAL_ACCENT_COLOR_NAME = AccentColor;
				CODE_SIGN_STYLE = Automatic;
				CURRENT_PROJECT_VERSION = 1;
				DEVELOPMENT_ASSET_PATHS = "\"clio-app/Preview Content\"";
				DEVELOPMENT_TEAM = 685GVH2XJC;
				ENABLE_PREVIEWS = YES;
				GENERATE_INFOPLIST_FILE = YES;
				INFOPLIST_FILE = "clio-app/Info.plist";
				INFOPLIST_KEY_UIApplicationSceneManifest_Generation = YES;
				INFOPLIST_KEY_UIApplicationSupportsIndirectInputEvents = YES;
				INFOPLIST_KEY_UILaunchScreen_Generation = YES;
				INFOPLIST_KEY_UISupportedInterfaceOrientations = UIInterfaceOrientationPortrait;
				INFOPLIST_KEY_UISupportedInterfaceOrientations_iPad = "UIInterfaceOrientationPortrait UIInterfaceOrientationPortraitUpsideDown";
				IPHONEOS_DEPLOYMENT_TARGET = 16.0;
				LD_RUNPATH_SEARCH_PATHS = (
					"$(inherited)",
					"@executable_path/Frameworks",
				);
				MARKETING_VERSION = 1.0;
				PRODUCT_BUNDLE_IDENTIFIER = "com.clio-ios-app";
				PRODUCT_NAME = "$(TARGET_NAME)";
				SUPPORTED_PLATFORMS = "iphoneos iphonesimulator";
				SUPPORTS_MACCATALYST = NO;
				SUPPORTS_MAC_DESIGNED_FOR_IPHONE_IPAD = NO;
				SWIFT_EMIT_LOC_STRINGS = YES;
				SWIFT_VERSION = 5.0;
				TARGETED_DEVICE_FAMILY = 1;
			};
			name = Release;
		};
		7E32B0702AC5B57600A62D28 /* Debug */ = {
			isa = XCBuildConfiguration;
			buildSettings = {
				ASSETCATALOG_COMPILER_GENERATE_SWIFT_ASSET_SYMBOL_EXTENSIONS = YES;
				BUNDLE_LOADER = "$(TEST_HOST)";
				CODE_SIGN_STYLE = Automatic;
				CURRENT_PROJECT_VERSION = 1;
				DEVELOPMENT_TEAM = 685GVH2XJC;
				ENABLE_USER_SCRIPT_SANDBOXING = YES;
				GCC_C_LANGUAGE_STANDARD = gnu17;
				GENERATE_INFOPLIST_FILE = YES;
				IPHONEOS_DEPLOYMENT_TARGET = 17.0;
				LOCALIZATION_PREFERS_STRING_CATALOGS = YES;
				MARKETING_VERSION = 1.0;
				PRODUCT_BUNDLE_IDENTIFIER = "com.clio-ios-app";
				PRODUCT_NAME = "$(TARGET_NAME)";
				SWIFT_ACTIVE_COMPILATION_CONDITIONS = "DEBUG $(inherited)";
				SWIFT_EMIT_LOC_STRINGS = NO;
				SWIFT_VERSION = 5.0;
				TARGETED_DEVICE_FAMILY = "1,2";
				TEST_HOST = "$(BUILT_PRODUCTS_DIR)/clio-app.app/$(BUNDLE_EXECUTABLE_FOLDER_PATH)/clio-app";
			};
			name = Debug;
		};
		7E32B0712AC5B57600A62D28 /* Release */ = {
			isa = XCBuildConfiguration;
			buildSettings = {
				ASSETCATALOG_COMPILER_GENERATE_SWIFT_ASSET_SYMBOL_EXTENSIONS = YES;
				BUNDLE_LOADER = "$(TEST_HOST)";
				CODE_SIGN_STYLE = Automatic;
				CURRENT_PROJECT_VERSION = 1;
				DEVELOPMENT_TEAM = 685GVH2XJC;
				ENABLE_USER_SCRIPT_SANDBOXING = YES;
				GCC_C_LANGUAGE_STANDARD = gnu17;
				GENERATE_INFOPLIST_FILE = YES;
				IPHONEOS_DEPLOYMENT_TARGET = 17.0;
				LOCALIZATION_PREFERS_STRING_CATALOGS = YES;
				MARKETING_VERSION = 1.0;
				PRODUCT_BUNDLE_IDENTIFIER = "com.clio-ios-app";
				PRODUCT_NAME = "$(TARGET_NAME)";
				SWIFT_EMIT_LOC_STRINGS = NO;
				SWIFT_VERSION = 5.0;
				TARGETED_DEVICE_FAMILY = "1,2";
				TEST_HOST = "$(BUILT_PRODUCTS_DIR)/clio-app.app/$(BUNDLE_EXECUTABLE_FOLDER_PATH)/clio-app";
			};
			name = Release;
		};
/* End XCBuildConfiguration section */

/* Begin XCConfigurationList section */
		00BFF8F12AB4914B0068A5F2 /* Build configuration list for PBXProject "clio-app" */ = {
			isa = XCConfigurationList;
			buildConfigurations = (
				00BFF9182AB4914D0068A5F2 /* Debug */,
				00BFF9192AB4914D0068A5F2 /* Release */,
			);
			defaultConfigurationIsVisible = 0;
			defaultConfigurationName = Release;
		};
		00BFF91A2AB4914D0068A5F2 /* Build configuration list for PBXNativeTarget "clio-app" */ = {
			isa = XCConfigurationList;
			buildConfigurations = (
				00BFF91B2AB4914D0068A5F2 /* Debug */,
				00BFF91C2AB4914D0068A5F2 /* Release */,
			);
			defaultConfigurationIsVisible = 0;
			defaultConfigurationName = Release;
		};
		7E32B06F2AC5B57600A62D28 /* Build configuration list for PBXNativeTarget "clio-appTests" */ = {
			isa = XCConfigurationList;
			buildConfigurations = (
				7E32B0702AC5B57600A62D28 /* Debug */,
				7E32B0712AC5B57600A62D28 /* Release */,
			);
			defaultConfigurationIsVisible = 0;
			defaultConfigurationName = Release;
		};
/* End XCConfigurationList section */

/* Begin XCRemoteSwiftPackageReference section */
		7E8612362AD02502008F2FAA /* XCRemoteSwiftPackageReference "clio-entities" */ = {
			isa = XCRemoteSwiftPackageReference;
			repositoryURL = "https://github.com/clio-app/clio-entities.git";
			requirement = {
				branch = main;
				kind = branch;
			};
		};
/* End XCRemoteSwiftPackageReference section */

/* Begin XCSwiftPackageProductDependency section */
		7E8612372AD02502008F2FAA /* ClioEntities */ = {
			isa = XCSwiftPackageProductDependency;
			package = 7E8612362AD02502008F2FAA /* XCRemoteSwiftPackageReference "clio-entities" */;
			productName = ClioEntities;
		};
/* End XCSwiftPackageProductDependency section */
	};
	rootObject = 00BFF8EE2AB4914B0068A5F2 /* Project object */;
}
